// !$*UTF8*$!
{
	archiveVersion = 1;
	classes = {
	};
	objectVersion = 51;
	objects = {

/* Begin PBXBuildFile section */
		355A58BA84873D70AF7B72B5 /* Pods_Voice_VoiceUITests.framework in Frameworks */ = {isa = PBXBuildFile; fileRef = 589EB9DDCB8D120CF1661A64 /* Pods_Voice_VoiceUITests.framework */; };
		3DB7E6391DF09DA2CCED335F /* Pods_Voice.framework in Frameworks */ = {isa = PBXBuildFile; fileRef = 0A57560F340196AFB1321FAF /* Pods_Voice.framework */; };
		4C37D93E25374C6800B8113A /* ProBannerInfo.swift in Sources */ = {isa = PBXBuildFile; fileRef = 4C37D93D25374C6800B8113A /* ProBannerInfo.swift */; };
		4C37D9CA2539DD1200B8113A /* UIFont_Extension.swift in Sources */ = {isa = PBXBuildFile; fileRef = 4C37D9C92539DD1100B8113A /* UIFont_Extension.swift */; };
		4C37DA40253E2F4D00B8113A /* UserDefaultConfig.swift in Sources */ = {isa = PBXBuildFile; fileRef = 4C37DA3F253E2F4C00B8113A /* UserDefaultConfig.swift */; };
		4C37DA79253E48B500B8113A /* NetworkReachability.swift in Sources */ = {isa = PBXBuildFile; fileRef = 4C37DA78253E48B500B8113A /* NetworkReachability.swift */; };
		4C6599E9253498960072E89A /* ReviewAPI.swift in Sources */ = {isa = PBXBuildFile; fileRef = 4C6599E8253498960072E89A /* ReviewAPI.swift */; };
		4C659A092534C7610072E89A /* DictionaryWordCell.swift in Sources */ = {isa = PBXBuildFile; fileRef = 4C659A072534C7610072E89A /* DictionaryWordCell.swift */; };
		4C659A0A2534C7610072E89A /* DictionaryWordCell.xib in Resources */ = {isa = PBXBuildFile; fileRef = 4C659A082534C7610072E89A /* DictionaryWordCell.xib */; };
		4C659A102534CBD60072E89A /* CaptionLineCell.swift in Sources */ = {isa = PBXBuildFile; fileRef = 4C659A0E2534CBD60072E89A /* CaptionLineCell.swift */; };
		4C659A112534CBD60072E89A /* CaptionLineCell.xib in Resources */ = {isa = PBXBuildFile; fileRef = 4C659A0F2534CBD60072E89A /* CaptionLineCell.xib */; };
		4C659A162534D7470072E89A /* Array_Extension.swift in Sources */ = {isa = PBXBuildFile; fileRef = 4C659A152534D7470072E89A /* Array_Extension.swift */; };
		4C659AA62535F0010072E89A /* SelfSizedTableView.swift in Sources */ = {isa = PBXBuildFile; fileRef = 4C659AA52535F0010072E89A /* SelfSizedTableView.swift */; };
		4C659AAB2535F5D10072E89A /* DefinitionHeader.swift in Sources */ = {isa = PBXBuildFile; fileRef = 4C659AAA2535F5D10072E89A /* DefinitionHeader.swift */; };
		4C659AB02535F5DA0072E89A /* DefinitionHeader.xib in Resources */ = {isa = PBXBuildFile; fileRef = 4C659AAF2535F5DA0072E89A /* DefinitionHeader.xib */; };
		4C659AB8253630260072E89A /* RankingHeader.swift in Sources */ = {isa = PBXBuildFile; fileRef = 4C659AB7253630260072E89A /* RankingHeader.swift */; };
		4C659AC0253630310072E89A /* RankingHeader.xib in Resources */ = {isa = PBXBuildFile; fileRef = 4C659ABF253630310072E89A /* RankingHeader.xib */; };
		4C659AC6253633090072E89A /* RankDetailCell.swift in Sources */ = {isa = PBXBuildFile; fileRef = 4C659AC4253633090072E89A /* RankDetailCell.swift */; };
		4C659AC7253633090072E89A /* RankDetailCell.xib in Resources */ = {isa = PBXBuildFile; fileRef = 4C659AC5253633090072E89A /* RankDetailCell.xib */; };
		4C659ACC253641C70072E89A /* RankingFooter.swift in Sources */ = {isa = PBXBuildFile; fileRef = 4C659ACB253641C70072E89A /* RankingFooter.swift */; };
		4C659AD1253641D20072E89A /* RankingFooter.xib in Resources */ = {isa = PBXBuildFile; fileRef = 4C659AD0253641D20072E89A /* RankingFooter.xib */; };
		4C659AD9253646BE0072E89A /* RankList.swift in Sources */ = {isa = PBXBuildFile; fileRef = 4C659AD8253646BE0072E89A /* RankList.swift */; };
		4C659ADE253647E20072E89A /* RankingAPI.swift in Sources */ = {isa = PBXBuildFile; fileRef = 4C659ADD253647E20072E89A /* RankingAPI.swift */; };
		4C659AE625364AA70072E89A /* RemainTime.swift in Sources */ = {isa = PBXBuildFile; fileRef = 4C659AE525364AA70072E89A /* RemainTime.swift */; };
		4C659B0525364BB30072E89A /* Int_Extension.swift in Sources */ = {isa = PBXBuildFile; fileRef = 4C659B0425364BB30072E89A /* Int_Extension.swift */; };
		4C659B25253734BE0072E89A /* Plan.swift in Sources */ = {isa = PBXBuildFile; fileRef = 4C659B24253734BE0072E89A /* Plan.swift */; };
		4C71437925229748009FE342 /* VideoModel.swift in Sources */ = {isa = PBXBuildFile; fileRef = 4C71437825229748009FE342 /* VideoModel.swift */; };
		4C71437E2522A022009FE342 /* VideoContentCell.xib in Resources */ = {isa = PBXBuildFile; fileRef = 4C71437D2522A022009FE342 /* VideoContentCell.xib */; };
		4C71438625235DAA009FE342 /* UIViewController_Extension.swift in Sources */ = {isa = PBXBuildFile; fileRef = 4C71438525235DAA009FE342 /* UIViewController_Extension.swift */; };
		4C7143C925237C35009FE342 /* Dictionary_Extension.swift in Sources */ = {isa = PBXBuildFile; fileRef = 4C7143C825237C35009FE342 /* Dictionary_Extension.swift */; };
		4C7143DA25238900009FE342 /* ContentCell.swift in Sources */ = {isa = PBXBuildFile; fileRef = 4C7143D925238900009FE342 /* ContentCell.swift */; };
		4C7143EB25239128009FE342 /* RankingViewController.swift in Sources */ = {isa = PBXBuildFile; fileRef = 4C7143EA25239128009FE342 /* RankingViewController.swift */; };
		4C7143F525239234009FE342 /* ProViewController.swift in Sources */ = {isa = PBXBuildFile; fileRef = 4C7143EF25239132009FE342 /* ProViewController.swift */; };
		4C7143F925239237009FE342 /* ReviewViewController.swift in Sources */ = {isa = PBXBuildFile; fileRef = 4C7143F02523913F009FE342 /* ReviewViewController.swift */; };
		4C7143FD2523923B009FE342 /* ChallengeViewController.swift in Sources */ = {isa = PBXBuildFile; fileRef = 4C7143F12523914A009FE342 /* ChallengeViewController.swift */; };
		4C71441D252510BB009FE342 /* IntroHeaderView.swift in Sources */ = {isa = PBXBuildFile; fileRef = 4C71441C252510BA009FE342 /* IntroHeaderView.swift */; };
		4C714422252510E0009FE342 /* IntroHeaderView.xib in Resources */ = {isa = PBXBuildFile; fileRef = 4C714421252510E0009FE342 /* IntroHeaderView.xib */; };
		4C71442725261AF6009FE342 /* VideoIntroViewController.swift in Sources */ = {isa = PBXBuildFile; fileRef = 4C71442625261AF6009FE342 /* VideoIntroViewController.swift */; };
		4C71442C25262472009FE342 /* KeyTakeAwayCell.xib in Resources */ = {isa = PBXBuildFile; fileRef = 4C71442B25262472009FE342 /* KeyTakeAwayCell.xib */; };
		4C71443125263245009FE342 /* VideoDetailModel.swift in Sources */ = {isa = PBXBuildFile; fileRef = 4C71443025263245009FE342 /* VideoDetailModel.swift */; };
		4C71443625263441009FE342 /* User.swift in Sources */ = {isa = PBXBuildFile; fileRef = 4C71443525263441009FE342 /* User.swift */; };
		4C71443B252634BE009FE342 /* CaptionLine.swift in Sources */ = {isa = PBXBuildFile; fileRef = 4C71443A252634BE009FE342 /* CaptionLine.swift */; };
		4C714440252636A4009FE342 /* Dictation.swift in Sources */ = {isa = PBXBuildFile; fileRef = 4C71443F252636A4009FE342 /* Dictation.swift */; };
		4C71444525264882009FE342 /* MenuButton.swift in Sources */ = {isa = PBXBuildFile; fileRef = 4C71444425264882009FE342 /* MenuButton.swift */; };
		4C71444A25264998009FE342 /* MenuButton.xib in Resources */ = {isa = PBXBuildFile; fileRef = 4C71444925264998009FE342 /* MenuButton.xib */; };
		4C71449B2527C64F009FE342 /* UIView_Extension.swift in Sources */ = {isa = PBXBuildFile; fileRef = 4C71449A2527C64C009FE342 /* UIView_Extension.swift */; };
		4C81B1C92522277000C20A7D /* VoiceTests.swift in Sources */ = {isa = PBXBuildFile; fileRef = 4C81B1C82522277000C20A7D /* VoiceTests.swift */; };
		4C81B1D42522277000C20A7D /* VoiceUITests.swift in Sources */ = {isa = PBXBuildFile; fileRef = 4C81B1D32522277000C20A7D /* VoiceUITests.swift */; };
		4C81B2242522280500C20A7D /* String_Extension.swift in Sources */ = {isa = PBXBuildFile; fileRef = 4C81B1E92522280400C20A7D /* String_Extension.swift */; };
		4C81B2252522280500C20A7D /* UISearchBar_Extension.swift in Sources */ = {isa = PBXBuildFile; fileRef = 4C81B1EA2522280400C20A7D /* UISearchBar_Extension.swift */; };
		4C81B2262522280500C20A7D /* Date_Extension.swift in Sources */ = {isa = PBXBuildFile; fileRef = 4C81B1EB2522280400C20A7D /* Date_Extension.swift */; };
		4C81B2272522280500C20A7D /* UIDevice_Extension.swift in Sources */ = {isa = PBXBuildFile; fileRef = 4C81B1EC2522280400C20A7D /* UIDevice_Extension.swift */; };
		4C81B2282522280500C20A7D /* UIColor_Extension.swift in Sources */ = {isa = PBXBuildFile; fileRef = 4C81B1ED2522280400C20A7D /* UIColor_Extension.swift */; };
		4C81B2292522280500C20A7D /* FileManager_Extension.swift in Sources */ = {isa = PBXBuildFile; fileRef = 4C81B1EE2522280400C20A7D /* FileManager_Extension.swift */; };
		4C81B22A2522280500C20A7D /* UIImage_Extension.swift in Sources */ = {isa = PBXBuildFile; fileRef = 4C81B1EF2522280400C20A7D /* UIImage_Extension.swift */; };
		4C81B22E2522280500C20A7D /* BaseTabBarController.swift in Sources */ = {isa = PBXBuildFile; fileRef = 4C81B2062522280400C20A7D /* BaseTabBarController.swift */; };
		4C81B22F2522280500C20A7D /* BaseViewController.swift in Sources */ = {isa = PBXBuildFile; fileRef = 4C81B2072522280500C20A7D /* BaseViewController.swift */; };
		4C81B2302522280500C20A7D /* BaseTableViewController.swift in Sources */ = {isa = PBXBuildFile; fileRef = 4C81B2082522280500C20A7D /* BaseTableViewController.swift */; };
		4C81B2312522280500C20A7D /* BaseNavigationController.swift in Sources */ = {isa = PBXBuildFile; fileRef = 4C81B2092522280500C20A7D /* BaseNavigationController.swift */; };
		4C81B2322522280500C20A7D /* LaunchScreen.storyboard in Resources */ = {isa = PBXBuildFile; fileRef = 4C81B20B2522280500C20A7D /* LaunchScreen.storyboard */; };
		4C81B2332522280500C20A7D /* Main.storyboard in Resources */ = {isa = PBXBuildFile; fileRef = 4C81B20D2522280500C20A7D /* Main.storyboard */; };
		4C81B2342522280500C20A7D /* AppDelegate.swift in Sources */ = {isa = PBXBuildFile; fileRef = 4C81B20F2522280500C20A7D /* AppDelegate.swift */; };
		4C81B2362522280500C20A7D /* SceneDelegate.swift in Sources */ = {isa = PBXBuildFile; fileRef = 4C81B2112522280500C20A7D /* SceneDelegate.swift */; };
		4C81B2372522280500C20A7D /* Assets.xcassets in Resources */ = {isa = PBXBuildFile; fileRef = 4C81B2132522280500C20A7D /* Assets.xcassets */; };
		4C81B2382522280500C20A7D /* configs.swift in Sources */ = {isa = PBXBuildFile; fileRef = 4C81B2152522280500C20A7D /* configs.swift */; };
		4C81B2392522280500C20A7D /* ParameterEncoding.swift in Sources */ = {isa = PBXBuildFile; fileRef = 4C81B2182522280500C20A7D /* ParameterEncoding.swift */; };
		4C81B23A2522280500C20A7D /* URLParameterEncoder.swift in Sources */ = {isa = PBXBuildFile; fileRef = 4C81B2192522280500C20A7D /* URLParameterEncoder.swift */; };
		4C81B23B2522280500C20A7D /* JSONParameterEncoder.swift in Sources */ = {isa = PBXBuildFile; fileRef = 4C81B21A2522280500C20A7D /* JSONParameterEncoder.swift */; };
		4C81B23C2522280500C20A7D /* Webservice.swift in Sources */ = {isa = PBXBuildFile; fileRef = 4C81B21C2522280500C20A7D /* Webservice.swift */; };
		4C81B23E2522280500C20A7D /* NetworkRouter.swift in Sources */ = {isa = PBXBuildFile; fileRef = 4C81B2202522280500C20A7D /* NetworkRouter.swift */; };
		4C81B23F2522280500C20A7D /* HTTPTask.swift in Sources */ = {isa = PBXBuildFile; fileRef = 4C81B2212522280500C20A7D /* HTTPTask.swift */; };
		4C81B2412522280500C20A7D /* EndPointType.swift in Sources */ = {isa = PBXBuildFile; fileRef = 4C81B2232522280500C20A7D /* EndPointType.swift */; };
		4C81B2E32522335700C20A7D /* WatchViewController.swift in Sources */ = {isa = PBXBuildFile; fileRef = 4C81B2E22522335700C20A7D /* WatchViewController.swift */; };
		4C81B2FE25223CC000C20A7D /* NaviView.swift in Sources */ = {isa = PBXBuildFile; fileRef = 4C81B2EC2522344A00C20A7D /* NaviView.swift */; };
		4C81B30A25223CC300C20A7D /* NaviCell.xib in Resources */ = {isa = PBXBuildFile; fileRef = 4C81B2EF2522344B00C20A7D /* NaviCell.xib */; };
		4C81B30E25223CC700C20A7D /* ContentCell.xib in Resources */ = {isa = PBXBuildFile; fileRef = 4C81B2EB2522344A00C20A7D /* ContentCell.xib */; };
		4C81B31225223CCA00C20A7D /* ContentView.swift in Sources */ = {isa = PBXBuildFile; fileRef = 4C81B2EE2522344B00C20A7D /* ContentView.swift */; };
		4C81B31625223CCD00C20A7D /* ImageBrowserCell.xib in Resources */ = {isa = PBXBuildFile; fileRef = 4C81B2ED2522344A00C20A7D /* ImageBrowserCell.xib */; };
		4C81B31B2522421D00C20A7D /* PDCategory.swift in Sources */ = {isa = PBXBuildFile; fileRef = 4C81B31A2522421D00C20A7D /* PDCategory.swift */; };
		4C81B3202522467100C20A7D /* VideoAPI.swift in Sources */ = {isa = PBXBuildFile; fileRef = 4C81B31F2522467100C20A7D /* VideoAPI.swift */; };
		4CA0D9C5252E07CA00806C7E /* ChallengeContentCell.swift in Sources */ = {isa = PBXBuildFile; fileRef = 4CA0D9C3252E07CA00806C7E /* ChallengeContentCell.swift */; };
		4CA0D9C6252E07CA00806C7E /* ChallengeContentCell.xib in Resources */ = {isa = PBXBuildFile; fileRef = 4CA0D9C4252E07CA00806C7E /* ChallengeContentCell.xib */; };
		4CA0D9D4252E083400806C7E /* ChallengeHeaderCell.swift in Sources */ = {isa = PBXBuildFile; fileRef = 4CA0D9D2252E083400806C7E /* ChallengeHeaderCell.swift */; };
		4CA0D9D5252E083400806C7E /* ChallengeHeaderCell.xib in Resources */ = {isa = PBXBuildFile; fileRef = 4CA0D9D3252E083400806C7E /* ChallengeHeaderCell.xib */; };
		4CA0D9DA252E10C600806C7E /* FirstSectionHeaderView.swift in Sources */ = {isa = PBXBuildFile; fileRef = 4CA0D9D9252E10C600806C7E /* FirstSectionHeaderView.swift */; };
		4CA0D9EE252E28D000806C7E /* ChallengeModel.swift in Sources */ = {isa = PBXBuildFile; fileRef = 4CA0D9ED252E28D000806C7E /* ChallengeModel.swift */; };
		4CA0D9F3252E318100806C7E /* ChallengeAPI.swift in Sources */ = {isa = PBXBuildFile; fileRef = 4CA0D9F2252E318100806C7E /* ChallengeAPI.swift */; };
		4CA0DA05252E53E800806C7E /* ChallengeDetailModel.swift in Sources */ = {isa = PBXBuildFile; fileRef = 4CA0DA04252E53E800806C7E /* ChallengeDetailModel.swift */; };
		4CA0DA0B252E624100806C7E /* UserConfig.swift in Sources */ = {isa = PBXBuildFile; fileRef = 4CA0DA0A252E624100806C7E /* UserConfig.swift */; };
		4CA0DA10252E682800806C7E /* ChallengeDetailViewController.swift in Sources */ = {isa = PBXBuildFile; fileRef = 4CA0DA0F252E682800806C7E /* ChallengeDetailViewController.swift */; };
		4CA0DA1D252F428200806C7E /* ChallengeDetailHeader.swift in Sources */ = {isa = PBXBuildFile; fileRef = 4CA0DA1C252F428200806C7E /* ChallengeDetailHeader.swift */; };
		4CA0DA22252F428F00806C7E /* ChallengeDetailHeader.xib in Resources */ = {isa = PBXBuildFile; fileRef = 4CA0DA21252F428F00806C7E /* ChallengeDetailHeader.xib */; };
		4CA0DA42252F5CEE00806C7E /* KeyVocabularyCell.swift in Sources */ = {isa = PBXBuildFile; fileRef = 4CA0DA40252F5CEE00806C7E /* KeyVocabularyCell.swift */; };
		4CA0DA43252F5CEE00806C7E /* KeyVocabularyCell.xib in Resources */ = {isa = PBXBuildFile; fileRef = 4CA0DA41252F5CEE00806C7E /* KeyVocabularyCell.xib */; };
		4CA0DA49252F630800806C7E /* CommentCell.swift in Sources */ = {isa = PBXBuildFile; fileRef = 4CA0DA47252F630800806C7E /* CommentCell.swift */; };
		4CA0DA4A252F630800806C7E /* CommentCell.xib in Resources */ = {isa = PBXBuildFile; fileRef = 4CA0DA48252F630800806C7E /* CommentCell.xib */; };
		4CA0DA50252F673900806C7E /* RecordCell.swift in Sources */ = {isa = PBXBuildFile; fileRef = 4CA0DA4E252F673900806C7E /* RecordCell.swift */; };
		4CA0DA51252F673900806C7E /* RecordCell.xib in Resources */ = {isa = PBXBuildFile; fileRef = 4CA0DA4F252F673900806C7E /* RecordCell.xib */; };
		4CA0DA70252F7B8400806C7E /* RecordToolBar.swift in Sources */ = {isa = PBXBuildFile; fileRef = 4CA0DA6F252F7B8400806C7E /* RecordToolBar.swift */; };
		4CA0DA75252F7B9500806C7E /* RecordToolBar.xib in Resources */ = {isa = PBXBuildFile; fileRef = 4CA0DA74252F7B9500806C7E /* RecordToolBar.xib */; };
		4CA0DA9A252F9EF200806C7E /* RecordPanel.swift in Sources */ = {isa = PBXBuildFile; fileRef = 4CA0DA99252F9EF200806C7E /* RecordPanel.swift */; };
		4CA0DA9F252F9EFB00806C7E /* RecordPanel.xib in Resources */ = {isa = PBXBuildFile; fileRef = 4CA0DA9E252F9EFB00806C7E /* RecordPanel.xib */; };
		4CA0DAEF2530988D00806C7E /* AudioPlayer.swift in Sources */ = {isa = PBXBuildFile; fileRef = 4CA0DAEE2530988D00806C7E /* AudioPlayer.swift */; };
		4CA4907B252B90FE00802410 /* VideoPlayerViewController.swift in Sources */ = {isa = PBXBuildFile; fileRef = 4CA4907A252B90FE00802410 /* VideoPlayerViewController.swift */; };
		4CA4909A252B952300802410 /* MenuView.swift in Sources */ = {isa = PBXBuildFile; fileRef = 4CA49099252B952300802410 /* MenuView.swift */; };
		4CA4909F252B952F00802410 /* MenuView.xib in Resources */ = {isa = PBXBuildFile; fileRef = 4CA4909E252B952F00802410 /* MenuView.xib */; };
		4CA490A4252B9CB400802410 /* LineCell.xib in Resources */ = {isa = PBXBuildFile; fileRef = 4CA490A3252B9CB400802410 /* LineCell.xib */; };
		4CD51CD2252CEB5D0067C0C5 /* LineCell.swift in Sources */ = {isa = PBXBuildFile; fileRef = 4CD51CD1252CEB5D0067C0C5 /* LineCell.swift */; };
		4CD51D1B252CF4750067C0C5 /* WordCell.xib in Resources */ = {isa = PBXBuildFile; fileRef = 4CD51D1A252CF4750067C0C5 /* WordCell.xib */; };
		4CDA017A252D05B600C28546 /* SelfSizedCollectionView.swift in Sources */ = {isa = PBXBuildFile; fileRef = 4CDA0179252D05B600C28546 /* SelfSizedCollectionView.swift */; };
		4CE06AD325227CDF00B5D97B /* DailyPickModel.swift in Sources */ = {isa = PBXBuildFile; fileRef = 4CE06AD225227CDF00B5D97B /* DailyPickModel.swift */; };
		4CFFCEFD254337BB00CCDF02 /* GoogleService-Info.plist in Resources */ = {isa = PBXBuildFile; fileRef = 4CFFCEFC254337BB00CCDF02 /* GoogleService-Info.plist */; };
		D6244226319A26EB292C87FF /* Pods_VoiceTests.framework in Frameworks */ = {isa = PBXBuildFile; fileRef = 5ECE1E384731CAA1CE719B6A /* Pods_VoiceTests.framework */; };
/* End PBXBuildFile section */

/* Begin PBXContainerItemProxy section */
		4C81B1C52522277000C20A7D /* PBXContainerItemProxy */ = {
			isa = PBXContainerItemProxy;
			containerPortal = 4C81B1A62522276F00C20A7D /* Project object */;
			proxyType = 1;
			remoteGlobalIDString = 4C81B1AD2522276F00C20A7D;
			remoteInfo = Voice;
		};
		4C81B1D02522277000C20A7D /* PBXContainerItemProxy */ = {
			isa = PBXContainerItemProxy;
			containerPortal = 4C81B1A62522276F00C20A7D /* Project object */;
			proxyType = 1;
			remoteGlobalIDString = 4C81B1AD2522276F00C20A7D;
			remoteInfo = Voice;
		};
/* End PBXContainerItemProxy section */

/* Begin PBXFileReference section */
		0A57560F340196AFB1321FAF /* Pods_Voice.framework */ = {isa = PBXFileReference; explicitFileType = wrapper.framework; includeInIndex = 0; path = Pods_Voice.framework; sourceTree = BUILT_PRODUCTS_DIR; };
		4C37D93D25374C6800B8113A /* ProBannerInfo.swift */ = {isa = PBXFileReference; lastKnownFileType = sourcecode.swift; path = ProBannerInfo.swift; sourceTree = "<group>"; };
		4C37D9C92539DD1100B8113A /* UIFont_Extension.swift */ = {isa = PBXFileReference; lastKnownFileType = sourcecode.swift; path = UIFont_Extension.swift; sourceTree = "<group>"; };
		4C37DA3F253E2F4C00B8113A /* UserDefaultConfig.swift */ = {isa = PBXFileReference; lastKnownFileType = sourcecode.swift; path = UserDefaultConfig.swift; sourceTree = "<group>"; };
		4C37DA78253E48B500B8113A /* NetworkReachability.swift */ = {isa = PBXFileReference; lastKnownFileType = sourcecode.swift; path = NetworkReachability.swift; sourceTree = "<group>"; };
		4C6599E8253498960072E89A /* ReviewAPI.swift */ = {isa = PBXFileReference; lastKnownFileType = sourcecode.swift; path = ReviewAPI.swift; sourceTree = "<group>"; };
		4C659A072534C7610072E89A /* DictionaryWordCell.swift */ = {isa = PBXFileReference; lastKnownFileType = sourcecode.swift; path = DictionaryWordCell.swift; sourceTree = "<group>"; };
		4C659A082534C7610072E89A /* DictionaryWordCell.xib */ = {isa = PBXFileReference; lastKnownFileType = file.xib; path = DictionaryWordCell.xib; sourceTree = "<group>"; };
		4C659A0E2534CBD60072E89A /* CaptionLineCell.swift */ = {isa = PBXFileReference; lastKnownFileType = sourcecode.swift; path = CaptionLineCell.swift; sourceTree = "<group>"; };
		4C659A0F2534CBD60072E89A /* CaptionLineCell.xib */ = {isa = PBXFileReference; lastKnownFileType = file.xib; path = CaptionLineCell.xib; sourceTree = "<group>"; };
		4C659A152534D7470072E89A /* Array_Extension.swift */ = {isa = PBXFileReference; lastKnownFileType = sourcecode.swift; path = Array_Extension.swift; sourceTree = "<group>"; };
		4C659AA52535F0010072E89A /* SelfSizedTableView.swift */ = {isa = PBXFileReference; lastKnownFileType = sourcecode.swift; path = SelfSizedTableView.swift; sourceTree = "<group>"; };
		4C659AAA2535F5D10072E89A /* DefinitionHeader.swift */ = {isa = PBXFileReference; lastKnownFileType = sourcecode.swift; path = DefinitionHeader.swift; sourceTree = "<group>"; };
		4C659AAF2535F5DA0072E89A /* DefinitionHeader.xib */ = {isa = PBXFileReference; lastKnownFileType = file.xib; path = DefinitionHeader.xib; sourceTree = "<group>"; };
		4C659AB7253630260072E89A /* RankingHeader.swift */ = {isa = PBXFileReference; lastKnownFileType = sourcecode.swift; path = RankingHeader.swift; sourceTree = "<group>"; };
		4C659ABF253630310072E89A /* RankingHeader.xib */ = {isa = PBXFileReference; lastKnownFileType = file.xib; path = RankingHeader.xib; sourceTree = "<group>"; };
		4C659AC4253633090072E89A /* RankDetailCell.swift */ = {isa = PBXFileReference; lastKnownFileType = sourcecode.swift; path = RankDetailCell.swift; sourceTree = "<group>"; };
		4C659AC5253633090072E89A /* RankDetailCell.xib */ = {isa = PBXFileReference; lastKnownFileType = file.xib; path = RankDetailCell.xib; sourceTree = "<group>"; };
		4C659ACB253641C70072E89A /* RankingFooter.swift */ = {isa = PBXFileReference; lastKnownFileType = sourcecode.swift; path = RankingFooter.swift; sourceTree = "<group>"; };
		4C659AD0253641D20072E89A /* RankingFooter.xib */ = {isa = PBXFileReference; lastKnownFileType = file.xib; path = RankingFooter.xib; sourceTree = "<group>"; };
		4C659AD8253646BE0072E89A /* RankList.swift */ = {isa = PBXFileReference; lastKnownFileType = sourcecode.swift; path = RankList.swift; sourceTree = "<group>"; };
		4C659ADD253647E20072E89A /* RankingAPI.swift */ = {isa = PBXFileReference; lastKnownFileType = sourcecode.swift; path = RankingAPI.swift; sourceTree = "<group>"; };
		4C659AE525364AA70072E89A /* RemainTime.swift */ = {isa = PBXFileReference; lastKnownFileType = sourcecode.swift; path = RemainTime.swift; sourceTree = "<group>"; };
		4C659B0425364BB30072E89A /* Int_Extension.swift */ = {isa = PBXFileReference; lastKnownFileType = sourcecode.swift; path = Int_Extension.swift; sourceTree = "<group>"; };
		4C659B24253734BE0072E89A /* Plan.swift */ = {isa = PBXFileReference; lastKnownFileType = sourcecode.swift; path = Plan.swift; sourceTree = "<group>"; };
		4C71437825229748009FE342 /* VideoModel.swift */ = {isa = PBXFileReference; lastKnownFileType = sourcecode.swift; path = VideoModel.swift; sourceTree = "<group>"; };
		4C71437D2522A022009FE342 /* VideoContentCell.xib */ = {isa = PBXFileReference; lastKnownFileType = file.xib; path = VideoContentCell.xib; sourceTree = "<group>"; };
		4C71438525235DAA009FE342 /* UIViewController_Extension.swift */ = {isa = PBXFileReference; lastKnownFileType = sourcecode.swift; path = UIViewController_Extension.swift; sourceTree = "<group>"; };
		4C7143C825237C35009FE342 /* Dictionary_Extension.swift */ = {isa = PBXFileReference; lastKnownFileType = sourcecode.swift; path = Dictionary_Extension.swift; sourceTree = "<group>"; };
		4C7143D925238900009FE342 /* ContentCell.swift */ = {isa = PBXFileReference; lastKnownFileType = sourcecode.swift; path = ContentCell.swift; sourceTree = "<group>"; };
		4C7143EA25239128009FE342 /* RankingViewController.swift */ = {isa = PBXFileReference; lastKnownFileType = sourcecode.swift; path = RankingViewController.swift; sourceTree = "<group>"; };
		4C7143EF25239132009FE342 /* ProViewController.swift */ = {isa = PBXFileReference; lastKnownFileType = sourcecode.swift; path = ProViewController.swift; sourceTree = "<group>"; };
		4C7143F02523913F009FE342 /* ReviewViewController.swift */ = {isa = PBXFileReference; lastKnownFileType = sourcecode.swift; path = ReviewViewController.swift; sourceTree = "<group>"; };
		4C7143F12523914A009FE342 /* ChallengeViewController.swift */ = {isa = PBXFileReference; lastKnownFileType = sourcecode.swift; path = ChallengeViewController.swift; sourceTree = "<group>"; };
		4C71441C252510BA009FE342 /* IntroHeaderView.swift */ = {isa = PBXFileReference; lastKnownFileType = sourcecode.swift; path = IntroHeaderView.swift; sourceTree = "<group>"; };
		4C714421252510E0009FE342 /* IntroHeaderView.xib */ = {isa = PBXFileReference; lastKnownFileType = file.xib; path = IntroHeaderView.xib; sourceTree = "<group>"; };
		4C71442625261AF6009FE342 /* VideoIntroViewController.swift */ = {isa = PBXFileReference; lastKnownFileType = sourcecode.swift; path = VideoIntroViewController.swift; sourceTree = "<group>"; };
		4C71442B25262472009FE342 /* KeyTakeAwayCell.xib */ = {isa = PBXFileReference; lastKnownFileType = file.xib; path = KeyTakeAwayCell.xib; sourceTree = "<group>"; };
		4C71443025263245009FE342 /* VideoDetailModel.swift */ = {isa = PBXFileReference; lastKnownFileType = sourcecode.swift; path = VideoDetailModel.swift; sourceTree = "<group>"; };
		4C71443525263441009FE342 /* User.swift */ = {isa = PBXFileReference; lastKnownFileType = sourcecode.swift; path = User.swift; sourceTree = "<group>"; };
		4C71443A252634BE009FE342 /* CaptionLine.swift */ = {isa = PBXFileReference; lastKnownFileType = sourcecode.swift; path = CaptionLine.swift; sourceTree = "<group>"; };
		4C71443F252636A4009FE342 /* Dictation.swift */ = {isa = PBXFileReference; lastKnownFileType = sourcecode.swift; path = Dictation.swift; sourceTree = "<group>"; };
		4C71444425264882009FE342 /* MenuButton.swift */ = {isa = PBXFileReference; lastKnownFileType = sourcecode.swift; path = MenuButton.swift; sourceTree = "<group>"; };
		4C71444925264998009FE342 /* MenuButton.xib */ = {isa = PBXFileReference; lastKnownFileType = file.xib; path = MenuButton.xib; sourceTree = "<group>"; };
		4C71449A2527C64C009FE342 /* UIView_Extension.swift */ = {isa = PBXFileReference; lastKnownFileType = sourcecode.swift; path = UIView_Extension.swift; sourceTree = "<group>"; };
		4C81B1AE2522276F00C20A7D /* Voice.app */ = {isa = PBXFileReference; explicitFileType = wrapper.application; includeInIndex = 0; path = Voice.app; sourceTree = BUILT_PRODUCTS_DIR; };
		4C81B1C42522277000C20A7D /* VoiceTests.xctest */ = {isa = PBXFileReference; explicitFileType = wrapper.cfbundle; includeInIndex = 0; path = VoiceTests.xctest; sourceTree = BUILT_PRODUCTS_DIR; };
		4C81B1C82522277000C20A7D /* VoiceTests.swift */ = {isa = PBXFileReference; lastKnownFileType = sourcecode.swift; path = VoiceTests.swift; sourceTree = "<group>"; };
		4C81B1CA2522277000C20A7D /* Info.plist */ = {isa = PBXFileReference; lastKnownFileType = text.plist.xml; path = Info.plist; sourceTree = "<group>"; };
		4C81B1CF2522277000C20A7D /* VoiceUITests.xctest */ = {isa = PBXFileReference; explicitFileType = wrapper.cfbundle; includeInIndex = 0; path = VoiceUITests.xctest; sourceTree = BUILT_PRODUCTS_DIR; };
		4C81B1D32522277000C20A7D /* VoiceUITests.swift */ = {isa = PBXFileReference; lastKnownFileType = sourcecode.swift; path = VoiceUITests.swift; sourceTree = "<group>"; };
		4C81B1D52522277000C20A7D /* Info.plist */ = {isa = PBXFileReference; lastKnownFileType = text.plist.xml; path = Info.plist; sourceTree = "<group>"; };
		4C81B1E92522280400C20A7D /* String_Extension.swift */ = {isa = PBXFileReference; fileEncoding = 4; lastKnownFileType = sourcecode.swift; path = String_Extension.swift; sourceTree = "<group>"; };
		4C81B1EA2522280400C20A7D /* UISearchBar_Extension.swift */ = {isa = PBXFileReference; fileEncoding = 4; lastKnownFileType = sourcecode.swift; path = UISearchBar_Extension.swift; sourceTree = "<group>"; };
		4C81B1EB2522280400C20A7D /* Date_Extension.swift */ = {isa = PBXFileReference; fileEncoding = 4; lastKnownFileType = sourcecode.swift; path = Date_Extension.swift; sourceTree = "<group>"; };
		4C81B1EC2522280400C20A7D /* UIDevice_Extension.swift */ = {isa = PBXFileReference; fileEncoding = 4; lastKnownFileType = sourcecode.swift; path = UIDevice_Extension.swift; sourceTree = "<group>"; };
		4C81B1ED2522280400C20A7D /* UIColor_Extension.swift */ = {isa = PBXFileReference; fileEncoding = 4; lastKnownFileType = sourcecode.swift; path = UIColor_Extension.swift; sourceTree = "<group>"; };
		4C81B1EE2522280400C20A7D /* FileManager_Extension.swift */ = {isa = PBXFileReference; fileEncoding = 4; lastKnownFileType = sourcecode.swift; path = FileManager_Extension.swift; sourceTree = "<group>"; };
		4C81B1EF2522280400C20A7D /* UIImage_Extension.swift */ = {isa = PBXFileReference; fileEncoding = 4; lastKnownFileType = sourcecode.swift; path = UIImage_Extension.swift; sourceTree = "<group>"; };
		4C81B2062522280400C20A7D /* BaseTabBarController.swift */ = {isa = PBXFileReference; fileEncoding = 4; lastKnownFileType = sourcecode.swift; path = BaseTabBarController.swift; sourceTree = "<group>"; };
		4C81B2072522280500C20A7D /* BaseViewController.swift */ = {isa = PBXFileReference; fileEncoding = 4; lastKnownFileType = sourcecode.swift; path = BaseViewController.swift; sourceTree = "<group>"; };
		4C81B2082522280500C20A7D /* BaseTableViewController.swift */ = {isa = PBXFileReference; fileEncoding = 4; lastKnownFileType = sourcecode.swift; path = BaseTableViewController.swift; sourceTree = "<group>"; };
		4C81B2092522280500C20A7D /* BaseNavigationController.swift */ = {isa = PBXFileReference; fileEncoding = 4; lastKnownFileType = sourcecode.swift; path = BaseNavigationController.swift; sourceTree = "<group>"; };
		4C81B20C2522280500C20A7D /* Base */ = {isa = PBXFileReference; lastKnownFileType = file.storyboard; name = Base; path = Base.lproj/LaunchScreen.storyboard; sourceTree = "<group>"; };
		4C81B20E2522280500C20A7D /* Base */ = {isa = PBXFileReference; lastKnownFileType = file.storyboard; name = Base; path = Base.lproj/Main.storyboard; sourceTree = "<group>"; };
		4C81B20F2522280500C20A7D /* AppDelegate.swift */ = {isa = PBXFileReference; fileEncoding = 4; lastKnownFileType = sourcecode.swift; path = AppDelegate.swift; sourceTree = "<group>"; };
		4C81B2102522280500C20A7D /* Info.plist */ = {isa = PBXFileReference; fileEncoding = 4; lastKnownFileType = text.plist.xml; name = Info.plist; path = "Voice/Supporting Files/Info.plist"; sourceTree = SOURCE_ROOT; };
		4C81B2112522280500C20A7D /* SceneDelegate.swift */ = {isa = PBXFileReference; fileEncoding = 4; lastKnownFileType = sourcecode.swift; path = SceneDelegate.swift; sourceTree = "<group>"; };
		4C81B2132522280500C20A7D /* Assets.xcassets */ = {isa = PBXFileReference; lastKnownFileType = folder.assetcatalog; path = Assets.xcassets; sourceTree = "<group>"; };
		4C81B2152522280500C20A7D /* configs.swift */ = {isa = PBXFileReference; fileEncoding = 4; lastKnownFileType = sourcecode.swift; path = configs.swift; sourceTree = "<group>"; };
		4C81B2182522280500C20A7D /* ParameterEncoding.swift */ = {isa = PBXFileReference; fileEncoding = 4; lastKnownFileType = sourcecode.swift; path = ParameterEncoding.swift; sourceTree = "<group>"; };
		4C81B2192522280500C20A7D /* URLParameterEncoder.swift */ = {isa = PBXFileReference; fileEncoding = 4; lastKnownFileType = sourcecode.swift; path = URLParameterEncoder.swift; sourceTree = "<group>"; };
		4C81B21A2522280500C20A7D /* JSONParameterEncoder.swift */ = {isa = PBXFileReference; fileEncoding = 4; lastKnownFileType = sourcecode.swift; path = JSONParameterEncoder.swift; sourceTree = "<group>"; };
		4C81B21C2522280500C20A7D /* Webservice.swift */ = {isa = PBXFileReference; fileEncoding = 4; lastKnownFileType = sourcecode.swift; path = Webservice.swift; sourceTree = "<group>"; };
		4C81B2202522280500C20A7D /* NetworkRouter.swift */ = {isa = PBXFileReference; fileEncoding = 4; lastKnownFileType = sourcecode.swift; path = NetworkRouter.swift; sourceTree = "<group>"; };
		4C81B2212522280500C20A7D /* HTTPTask.swift */ = {isa = PBXFileReference; fileEncoding = 4; lastKnownFileType = sourcecode.swift; path = HTTPTask.swift; sourceTree = "<group>"; };
		4C81B2232522280500C20A7D /* EndPointType.swift */ = {isa = PBXFileReference; fileEncoding = 4; lastKnownFileType = sourcecode.swift; path = EndPointType.swift; sourceTree = "<group>"; };
		4C81B2E22522335700C20A7D /* WatchViewController.swift */ = {isa = PBXFileReference; lastKnownFileType = sourcecode.swift; path = WatchViewController.swift; sourceTree = "<group>"; };
		4C81B2EB2522344A00C20A7D /* ContentCell.xib */ = {isa = PBXFileReference; lastKnownFileType = file.xib; path = ContentCell.xib; sourceTree = "<group>"; };
		4C81B2EC2522344A00C20A7D /* NaviView.swift */ = {isa = PBXFileReference; lastKnownFileType = sourcecode.swift; path = NaviView.swift; sourceTree = "<group>"; };
		4C81B2ED2522344A00C20A7D /* ImageBrowserCell.xib */ = {isa = PBXFileReference; lastKnownFileType = file.xib; path = ImageBrowserCell.xib; sourceTree = "<group>"; };
		4C81B2EE2522344B00C20A7D /* ContentView.swift */ = {isa = PBXFileReference; lastKnownFileType = sourcecode.swift; path = ContentView.swift; sourceTree = "<group>"; };
		4C81B2EF2522344B00C20A7D /* NaviCell.xib */ = {isa = PBXFileReference; lastKnownFileType = file.xib; path = NaviCell.xib; sourceTree = "<group>"; };
		4C81B31A2522421D00C20A7D /* PDCategory.swift */ = {isa = PBXFileReference; lastKnownFileType = sourcecode.swift; path = PDCategory.swift; sourceTree = "<group>"; };
		4C81B31F2522467100C20A7D /* VideoAPI.swift */ = {isa = PBXFileReference; lastKnownFileType = sourcecode.swift; path = VideoAPI.swift; sourceTree = "<group>"; };
		4CA0D9C3252E07CA00806C7E /* ChallengeContentCell.swift */ = {isa = PBXFileReference; lastKnownFileType = sourcecode.swift; path = ChallengeContentCell.swift; sourceTree = "<group>"; };
		4CA0D9C4252E07CA00806C7E /* ChallengeContentCell.xib */ = {isa = PBXFileReference; lastKnownFileType = file.xib; path = ChallengeContentCell.xib; sourceTree = "<group>"; };
		4CA0D9D2252E083400806C7E /* ChallengeHeaderCell.swift */ = {isa = PBXFileReference; lastKnownFileType = sourcecode.swift; path = ChallengeHeaderCell.swift; sourceTree = "<group>"; };
		4CA0D9D3252E083400806C7E /* ChallengeHeaderCell.xib */ = {isa = PBXFileReference; lastKnownFileType = file.xib; path = ChallengeHeaderCell.xib; sourceTree = "<group>"; };
		4CA0D9D9252E10C600806C7E /* FirstSectionHeaderView.swift */ = {isa = PBXFileReference; lastKnownFileType = sourcecode.swift; path = FirstSectionHeaderView.swift; sourceTree = "<group>"; };
		4CA0D9ED252E28D000806C7E /* ChallengeModel.swift */ = {isa = PBXFileReference; lastKnownFileType = sourcecode.swift; path = ChallengeModel.swift; sourceTree = "<group>"; };
		4CA0D9F2252E318100806C7E /* ChallengeAPI.swift */ = {isa = PBXFileReference; lastKnownFileType = sourcecode.swift; path = ChallengeAPI.swift; sourceTree = "<group>"; };
		4CA0DA04252E53E800806C7E /* ChallengeDetailModel.swift */ = {isa = PBXFileReference; lastKnownFileType = sourcecode.swift; path = ChallengeDetailModel.swift; sourceTree = "<group>"; };
		4CA0DA0A252E624100806C7E /* UserConfig.swift */ = {isa = PBXFileReference; lastKnownFileType = sourcecode.swift; path = UserConfig.swift; sourceTree = "<group>"; };
		4CA0DA0F252E682800806C7E /* ChallengeDetailViewController.swift */ = {isa = PBXFileReference; lastKnownFileType = sourcecode.swift; path = ChallengeDetailViewController.swift; sourceTree = "<group>"; };
		4CA0DA1C252F428200806C7E /* ChallengeDetailHeader.swift */ = {isa = PBXFileReference; lastKnownFileType = sourcecode.swift; path = ChallengeDetailHeader.swift; sourceTree = "<group>"; };
		4CA0DA21252F428F00806C7E /* ChallengeDetailHeader.xib */ = {isa = PBXFileReference; lastKnownFileType = file.xib; path = ChallengeDetailHeader.xib; sourceTree = "<group>"; };
		4CA0DA40252F5CEE00806C7E /* KeyVocabularyCell.swift */ = {isa = PBXFileReference; lastKnownFileType = sourcecode.swift; path = KeyVocabularyCell.swift; sourceTree = "<group>"; };
		4CA0DA41252F5CEE00806C7E /* KeyVocabularyCell.xib */ = {isa = PBXFileReference; lastKnownFileType = file.xib; path = KeyVocabularyCell.xib; sourceTree = "<group>"; };
		4CA0DA47252F630800806C7E /* CommentCell.swift */ = {isa = PBXFileReference; lastKnownFileType = sourcecode.swift; path = CommentCell.swift; sourceTree = "<group>"; };
		4CA0DA48252F630800806C7E /* CommentCell.xib */ = {isa = PBXFileReference; lastKnownFileType = file.xib; path = CommentCell.xib; sourceTree = "<group>"; };
		4CA0DA4E252F673900806C7E /* RecordCell.swift */ = {isa = PBXFileReference; lastKnownFileType = sourcecode.swift; path = RecordCell.swift; sourceTree = "<group>"; };
		4CA0DA4F252F673900806C7E /* RecordCell.xib */ = {isa = PBXFileReference; lastKnownFileType = file.xib; path = RecordCell.xib; sourceTree = "<group>"; };
		4CA0DA6F252F7B8400806C7E /* RecordToolBar.swift */ = {isa = PBXFileReference; lastKnownFileType = sourcecode.swift; path = RecordToolBar.swift; sourceTree = "<group>"; };
		4CA0DA74252F7B9500806C7E /* RecordToolBar.xib */ = {isa = PBXFileReference; lastKnownFileType = file.xib; path = RecordToolBar.xib; sourceTree = "<group>"; };
		4CA0DA99252F9EF200806C7E /* RecordPanel.swift */ = {isa = PBXFileReference; lastKnownFileType = sourcecode.swift; path = RecordPanel.swift; sourceTree = "<group>"; };
		4CA0DA9E252F9EFB00806C7E /* RecordPanel.xib */ = {isa = PBXFileReference; lastKnownFileType = file.xib; path = RecordPanel.xib; sourceTree = "<group>"; };
		4CA0DAEE2530988D00806C7E /* AudioPlayer.swift */ = {isa = PBXFileReference; lastKnownFileType = sourcecode.swift; path = AudioPlayer.swift; sourceTree = "<group>"; };
		4CA4907A252B90FE00802410 /* VideoPlayerViewController.swift */ = {isa = PBXFileReference; lastKnownFileType = sourcecode.swift; path = VideoPlayerViewController.swift; sourceTree = "<group>"; };
		4CA49099252B952300802410 /* MenuView.swift */ = {isa = PBXFileReference; lastKnownFileType = sourcecode.swift; path = MenuView.swift; sourceTree = "<group>"; };
		4CA4909E252B952F00802410 /* MenuView.xib */ = {isa = PBXFileReference; lastKnownFileType = file.xib; path = MenuView.xib; sourceTree = "<group>"; };
		4CA490A3252B9CB400802410 /* LineCell.xib */ = {isa = PBXFileReference; lastKnownFileType = file.xib; path = LineCell.xib; sourceTree = "<group>"; };
		4CD51CD1252CEB5D0067C0C5 /* LineCell.swift */ = {isa = PBXFileReference; lastKnownFileType = sourcecode.swift; path = LineCell.swift; sourceTree = "<group>"; };
		4CD51D1A252CF4750067C0C5 /* WordCell.xib */ = {isa = PBXFileReference; lastKnownFileType = file.xib; path = WordCell.xib; sourceTree = "<group>"; };
		4CDA0179252D05B600C28546 /* SelfSizedCollectionView.swift */ = {isa = PBXFileReference; lastKnownFileType = sourcecode.swift; path = SelfSizedCollectionView.swift; sourceTree = "<group>"; };
		4CE06AD225227CDF00B5D97B /* DailyPickModel.swift */ = {isa = PBXFileReference; lastKnownFileType = sourcecode.swift; path = DailyPickModel.swift; sourceTree = "<group>"; };
		4CFFCEFC254337BB00CCDF02 /* GoogleService-Info.plist */ = {isa = PBXFileReference; fileEncoding = 4; lastKnownFileType = text.plist.xml; path = "GoogleService-Info.plist"; sourceTree = "<group>"; };
		589EB9DDCB8D120CF1661A64 /* Pods_Voice_VoiceUITests.framework */ = {isa = PBXFileReference; explicitFileType = wrapper.framework; includeInIndex = 0; path = Pods_Voice_VoiceUITests.framework; sourceTree = BUILT_PRODUCTS_DIR; };
		5ECE1E384731CAA1CE719B6A /* Pods_VoiceTests.framework */ = {isa = PBXFileReference; explicitFileType = wrapper.framework; includeInIndex = 0; path = Pods_VoiceTests.framework; sourceTree = BUILT_PRODUCTS_DIR; };
		678BAE55547F49B38ED709A5 /* Pods-VoiceTests.release.xcconfig */ = {isa = PBXFileReference; includeInIndex = 1; lastKnownFileType = text.xcconfig; name = "Pods-VoiceTests.release.xcconfig"; path = "Target Support Files/Pods-VoiceTests/Pods-VoiceTests.release.xcconfig"; sourceTree = "<group>"; };
		8E53E7B651CFA5C1B9716201 /* Pods-Voice.release.xcconfig */ = {isa = PBXFileReference; includeInIndex = 1; lastKnownFileType = text.xcconfig; name = "Pods-Voice.release.xcconfig"; path = "Target Support Files/Pods-Voice/Pods-Voice.release.xcconfig"; sourceTree = "<group>"; };
		A1B8B1DC6347A108D6C20C07 /* Pods-Voice-VoiceUITests.release.xcconfig */ = {isa = PBXFileReference; includeInIndex = 1; lastKnownFileType = text.xcconfig; name = "Pods-Voice-VoiceUITests.release.xcconfig"; path = "Target Support Files/Pods-Voice-VoiceUITests/Pods-Voice-VoiceUITests.release.xcconfig"; sourceTree = "<group>"; };
		B3762E313D04367B50E77BC1 /* Pods-Voice.debug.xcconfig */ = {isa = PBXFileReference; includeInIndex = 1; lastKnownFileType = text.xcconfig; name = "Pods-Voice.debug.xcconfig"; path = "Target Support Files/Pods-Voice/Pods-Voice.debug.xcconfig"; sourceTree = "<group>"; };
		D33390FAFAA6E36297B59A74 /* Pods-VoiceTests.debug.xcconfig */ = {isa = PBXFileReference; includeInIndex = 1; lastKnownFileType = text.xcconfig; name = "Pods-VoiceTests.debug.xcconfig"; path = "Target Support Files/Pods-VoiceTests/Pods-VoiceTests.debug.xcconfig"; sourceTree = "<group>"; };
		F2497567EDF6831FC6F53781 /* Pods-Voice-VoiceUITests.debug.xcconfig */ = {isa = PBXFileReference; includeInIndex = 1; lastKnownFileType = text.xcconfig; name = "Pods-Voice-VoiceUITests.debug.xcconfig"; path = "Target Support Files/Pods-Voice-VoiceUITests/Pods-Voice-VoiceUITests.debug.xcconfig"; sourceTree = "<group>"; };
/* End PBXFileReference section */

/* Begin PBXFrameworksBuildPhase section */
		4C81B1AB2522276F00C20A7D /* Frameworks */ = {
			isa = PBXFrameworksBuildPhase;
			buildActionMask = 2147483647;
			files = (
				3DB7E6391DF09DA2CCED335F /* Pods_Voice.framework in Frameworks */,
			);
			runOnlyForDeploymentPostprocessing = 0;
		};
		4C81B1C12522277000C20A7D /* Frameworks */ = {
			isa = PBXFrameworksBuildPhase;
			buildActionMask = 2147483647;
			files = (
				D6244226319A26EB292C87FF /* Pods_VoiceTests.framework in Frameworks */,
			);
			runOnlyForDeploymentPostprocessing = 0;
		};
		4C81B1CC2522277000C20A7D /* Frameworks */ = {
			isa = PBXFrameworksBuildPhase;
			buildActionMask = 2147483647;
			files = (
				355A58BA84873D70AF7B72B5 /* Pods_Voice_VoiceUITests.framework in Frameworks */,
			);
			runOnlyForDeploymentPostprocessing = 0;
		};
/* End PBXFrameworksBuildPhase section */

/* Begin PBXGroup section */
		4C81B1A52522276F00C20A7D = {
			isa = PBXGroup;
			children = (
				4C81B1B02522276F00C20A7D /* Voice */,
				4C81B1C72522277000C20A7D /* VoiceTests */,
				4C81B1D22522277000C20A7D /* VoiceUITests */,
				4C81B1AF2522276F00C20A7D /* Products */,
				EB56FE06076624436DA30102 /* Pods */,
				5635C6D38431DEE7D319FC3B /* Frameworks */,
			);
			sourceTree = "<group>";
		};
		4C81B1AF2522276F00C20A7D /* Products */ = {
			isa = PBXGroup;
			children = (
				4C81B1AE2522276F00C20A7D /* Voice.app */,
				4C81B1C42522277000C20A7D /* VoiceTests.xctest */,
				4C81B1CF2522277000C20A7D /* VoiceUITests.xctest */,
			);
			name = Products;
			sourceTree = "<group>";
		};
		4C81B1B02522276F00C20A7D /* Voice */ = {
			isa = PBXGroup;
			children = (
				4CFFCEFC254337BB00CCDF02 /* GoogleService-Info.plist */,
				4C81B2B825222AB800C20A7D /* Main */,
				4C81B2142522280500C20A7D /* Constants */,
				4C81B1E82522280400C20A7D /* Extensions */,
				4C81B2032522280400C20A7D /* Helper */,
				4C81B2162522280500C20A7D /* Network */,
				4C81B2122522280500C20A7D /* Resources */,
				4C81B20A2522280500C20A7D /* Supporting Files */,
				4C81B1E72522280400C20A7D /* Third Party Libraries */,
			);
			path = Voice;
			sourceTree = "<group>";
		};
		4C81B1C72522277000C20A7D /* VoiceTests */ = {
			isa = PBXGroup;
			children = (
				4C81B1C82522277000C20A7D /* VoiceTests.swift */,
				4C81B1CA2522277000C20A7D /* Info.plist */,
			);
			path = VoiceTests;
			sourceTree = "<group>";
		};
		4C81B1D22522277000C20A7D /* VoiceUITests */ = {
			isa = PBXGroup;
			children = (
				4C81B1D32522277000C20A7D /* VoiceUITests.swift */,
				4C81B1D52522277000C20A7D /* Info.plist */,
			);
			path = VoiceUITests;
			sourceTree = "<group>";
		};
		4C81B1E72522280400C20A7D /* Third Party Libraries */ = {
			isa = PBXGroup;
			children = (
			);
			path = "Third Party Libraries";
			sourceTree = "<group>";
		};
		4C81B1E82522280400C20A7D /* Extensions */ = {
			isa = PBXGroup;
			children = (
				4C81B1E92522280400C20A7D /* String_Extension.swift */,
				4C81B1EA2522280400C20A7D /* UISearchBar_Extension.swift */,
				4C81B1EB2522280400C20A7D /* Date_Extension.swift */,
				4C81B1EC2522280400C20A7D /* UIDevice_Extension.swift */,
				4C81B1ED2522280400C20A7D /* UIColor_Extension.swift */,
				4C81B1EE2522280400C20A7D /* FileManager_Extension.swift */,
				4C81B1EF2522280400C20A7D /* UIImage_Extension.swift */,
				4C71438525235DAA009FE342 /* UIViewController_Extension.swift */,
				4C7143C825237C35009FE342 /* Dictionary_Extension.swift */,
				4C71449A2527C64C009FE342 /* UIView_Extension.swift */,
				4C659A152534D7470072E89A /* Array_Extension.swift */,
				4C659B0425364BB30072E89A /* Int_Extension.swift */,
				4C37D9C92539DD1100B8113A /* UIFont_Extension.swift */,
			);
			path = Extensions;
			sourceTree = "<group>";
		};
		4C81B2032522280400C20A7D /* Helper */ = {
			isa = PBXGroup;
			children = (
				4C81B2EA2522342300C20A7D /* MultipleUseViews */,
				4C81B2042522280400C20A7D /* Utilities */,
				4C81B2052522280400C20A7D /* Base */,
			);
			path = Helper;
			sourceTree = "<group>";
		};
		4C81B2042522280400C20A7D /* Utilities */ = {
			isa = PBXGroup;
			children = (
				4CA0DA0A252E624100806C7E /* UserConfig.swift */,
				4CA0DAEE2530988D00806C7E /* AudioPlayer.swift */,
				4C37DA3F253E2F4C00B8113A /* UserDefaultConfig.swift */,
				4C37DA78253E48B500B8113A /* NetworkReachability.swift */,
			);
			path = Utilities;
			sourceTree = "<group>";
		};
		4C81B2052522280400C20A7D /* Base */ = {
			isa = PBXGroup;
			children = (
				4C81B2062522280400C20A7D /* BaseTabBarController.swift */,
				4C81B2072522280500C20A7D /* BaseViewController.swift */,
				4C81B2082522280500C20A7D /* BaseTableViewController.swift */,
				4C81B2092522280500C20A7D /* BaseNavigationController.swift */,
			);
			path = Base;
			sourceTree = "<group>";
		};
		4C81B20A2522280500C20A7D /* Supporting Files */ = {
			isa = PBXGroup;
			children = (
				4C81B20B2522280500C20A7D /* LaunchScreen.storyboard */,
				4C81B20D2522280500C20A7D /* Main.storyboard */,
				4C81B20F2522280500C20A7D /* AppDelegate.swift */,
				4C81B2102522280500C20A7D /* Info.plist */,
				4C81B2112522280500C20A7D /* SceneDelegate.swift */,
			);
			path = "Supporting Files";
			sourceTree = "<group>";
		};
		4C81B2122522280500C20A7D /* Resources */ = {
			isa = PBXGroup;
			children = (
				4C81B2132522280500C20A7D /* Assets.xcassets */,
			);
			path = Resources;
			sourceTree = "<group>";
		};
		4C81B2142522280500C20A7D /* Constants */ = {
			isa = PBXGroup;
			children = (
				4C81B2152522280500C20A7D /* configs.swift */,
			);
			path = Constants;
			sourceTree = "<group>";
		};
		4C81B2162522280500C20A7D /* Network */ = {
			isa = PBXGroup;
			children = (
				4C81B21B2522280500C20A7D /* Manager */,
				4C81B21D2522280500C20A7D /* EndPoint */,
				4C81B21F2522280500C20A7D /* Service */,
				4C81B2172522280500C20A7D /* Encoding */,
			);
			path = Network;
			sourceTree = "<group>";
		};
		4C81B2172522280500C20A7D /* Encoding */ = {
			isa = PBXGroup;
			children = (
				4C81B2182522280500C20A7D /* ParameterEncoding.swift */,
				4C81B2192522280500C20A7D /* URLParameterEncoder.swift */,
				4C81B21A2522280500C20A7D /* JSONParameterEncoder.swift */,
			);
			path = Encoding;
			sourceTree = "<group>";
		};
		4C81B21B2522280500C20A7D /* Manager */ = {
			isa = PBXGroup;
			children = (
				4C81B21C2522280500C20A7D /* Webservice.swift */,
			);
			path = Manager;
			sourceTree = "<group>";
		};
		4C81B21D2522280500C20A7D /* EndPoint */ = {
			isa = PBXGroup;
			children = (
				4C81B31F2522467100C20A7D /* VideoAPI.swift */,
				4CA0D9F2252E318100806C7E /* ChallengeAPI.swift */,
				4C6599E8253498960072E89A /* ReviewAPI.swift */,
				4C659ADD253647E20072E89A /* RankingAPI.swift */,
			);
			path = EndPoint;
			sourceTree = "<group>";
		};
		4C81B21F2522280500C20A7D /* Service */ = {
			isa = PBXGroup;
			children = (
				4C81B2202522280500C20A7D /* NetworkRouter.swift */,
				4C81B2212522280500C20A7D /* HTTPTask.swift */,
				4C81B2232522280500C20A7D /* EndPointType.swift */,
			);
			path = Service;
			sourceTree = "<group>";
		};
		4C81B2B825222AB800C20A7D /* Main */ = {
			isa = PBXGroup;
			children = (
				4C81B2C825222AB800C20A7D /* Watch */,
				4C81B2CD25222AB800C20A7D /* Challenge */,
				4C81B2C325222AB800C20A7D /* Review */,
				4C81B2B925222AB800C20A7D /* Ranking */,
				4C81B2BE25222AB800C20A7D /* Pro */,
			);
			path = Main;
			sourceTree = "<group>";
		};
		4C81B2B925222AB800C20A7D /* Ranking */ = {
			isa = PBXGroup;
			children = (
				4C81B2BA25222AB800C20A7D /* Models */,
				4C81B2BB25222AB800C20A7D /* Controllers */,
				4C81B2BC25222AB800C20A7D /* Views */,
			);
			path = Ranking;
			sourceTree = "<group>";
		};
		4C81B2BA25222AB800C20A7D /* Models */ = {
			isa = PBXGroup;
			children = (
				4C659AD8253646BE0072E89A /* RankList.swift */,
				4C659AE525364AA70072E89A /* RemainTime.swift */,
			);
			path = Models;
			sourceTree = "<group>";
		};
		4C81B2BB25222AB800C20A7D /* Controllers */ = {
			isa = PBXGroup;
			children = (
				4C7143EA25239128009FE342 /* RankingViewController.swift */,
			);
			path = Controllers;
			sourceTree = "<group>";
		};
		4C81B2BC25222AB800C20A7D /* Views */ = {
			isa = PBXGroup;
			children = (
				4C81B2BD25222AB800C20A7D /* Cells */,
				4C659AB7253630260072E89A /* RankingHeader.swift */,
				4C659ABF253630310072E89A /* RankingHeader.xib */,
				4C659ACB253641C70072E89A /* RankingFooter.swift */,
				4C659AD0253641D20072E89A /* RankingFooter.xib */,
			);
			path = Views;
			sourceTree = "<group>";
		};
		4C81B2BD25222AB800C20A7D /* Cells */ = {
			isa = PBXGroup;
			children = (
				4C659AC4253633090072E89A /* RankDetailCell.swift */,
				4C659AC5253633090072E89A /* RankDetailCell.xib */,
			);
			path = Cells;
			sourceTree = "<group>";
		};
		4C81B2BE25222AB800C20A7D /* Pro */ = {
			isa = PBXGroup;
			children = (
				4C81B2BF25222AB800C20A7D /* Models */,
				4C81B2C025222AB800C20A7D /* Controllers */,
				4C81B2C125222AB800C20A7D /* Views */,
			);
			path = Pro;
			sourceTree = "<group>";
		};
		4C81B2BF25222AB800C20A7D /* Models */ = {
			isa = PBXGroup;
			children = (
				4C659B24253734BE0072E89A /* Plan.swift */,
				4C37D93D25374C6800B8113A /* ProBannerInfo.swift */,
			);
			path = Models;
			sourceTree = "<group>";
		};
		4C81B2C025222AB800C20A7D /* Controllers */ = {
			isa = PBXGroup;
			children = (
				4C7143EF25239132009FE342 /* ProViewController.swift */,
			);
			path = Controllers;
			sourceTree = "<group>";
		};
		4C81B2C125222AB800C20A7D /* Views */ = {
			isa = PBXGroup;
			children = (
				4C81B2C225222AB800C20A7D /* Cells */,
			);
			path = Views;
			sourceTree = "<group>";
		};
		4C81B2C225222AB800C20A7D /* Cells */ = {
			isa = PBXGroup;
			children = (
			);
			path = Cells;
			sourceTree = "<group>";
		};
		4C81B2C325222AB800C20A7D /* Review */ = {
			isa = PBXGroup;
			children = (
				4C81B2C425222AB800C20A7D /* Models */,
				4C81B2C525222AB800C20A7D /* Controllers */,
				4C81B2C625222AB800C20A7D /* Views */,
			);
			path = Review;
			sourceTree = "<group>";
		};
		4C81B2C425222AB800C20A7D /* Models */ = {
			isa = PBXGroup;
			children = (
				4C71443F252636A4009FE342 /* Dictation.swift */,
			);
			path = Models;
			sourceTree = "<group>";
		};
		4C81B2C525222AB800C20A7D /* Controllers */ = {
			isa = PBXGroup;
			children = (
				4C7143F02523913F009FE342 /* ReviewViewController.swift */,
			);
			path = Controllers;
			sourceTree = "<group>";
		};
		4C81B2C625222AB800C20A7D /* Views */ = {
			isa = PBXGroup;
			children = (
				4C81B2C725222AB800C20A7D /* Cells */,
			);
			path = Views;
			sourceTree = "<group>";
		};
		4C81B2C725222AB800C20A7D /* Cells */ = {
			isa = PBXGroup;
			children = (
				4C659A072534C7610072E89A /* DictionaryWordCell.swift */,
				4C659A082534C7610072E89A /* DictionaryWordCell.xib */,
				4C659A0E2534CBD60072E89A /* CaptionLineCell.swift */,
				4C659A0F2534CBD60072E89A /* CaptionLineCell.xib */,
				4C659AAA2535F5D10072E89A /* DefinitionHeader.swift */,
				4C659AAF2535F5DA0072E89A /* DefinitionHeader.xib */,
				4C71442B25262472009FE342 /* KeyTakeAwayCell.xib */,
			);
			path = Cells;
			sourceTree = "<group>";
		};
		4C81B2C825222AB800C20A7D /* Watch */ = {
			isa = PBXGroup;
			children = (
				4C81B2C925222AB800C20A7D /* Models */,
				4C81B2CA25222AB800C20A7D /* Controllers */,
				4C81B2CB25222AB800C20A7D /* Views */,
			);
			path = Watch;
			sourceTree = "<group>";
		};
		4C81B2C925222AB800C20A7D /* Models */ = {
			isa = PBXGroup;
			children = (
				4C81B31A2522421D00C20A7D /* PDCategory.swift */,
				4CE06AD225227CDF00B5D97B /* DailyPickModel.swift */,
				4C71437825229748009FE342 /* VideoModel.swift */,
				4C71443025263245009FE342 /* VideoDetailModel.swift */,
				4C71443525263441009FE342 /* User.swift */,
				4C71443A252634BE009FE342 /* CaptionLine.swift */,
				4CA0D9ED252E28D000806C7E /* ChallengeModel.swift */,
				4CA0DA04252E53E800806C7E /* ChallengeDetailModel.swift */,
			);
			path = Models;
			sourceTree = "<group>";
		};
		4C81B2CA25222AB800C20A7D /* Controllers */ = {
			isa = PBXGroup;
			children = (
				4C81B2E22522335700C20A7D /* WatchViewController.swift */,
				4C71442625261AF6009FE342 /* VideoIntroViewController.swift */,
				4CA4907A252B90FE00802410 /* VideoPlayerViewController.swift */,
			);
			path = Controllers;
			sourceTree = "<group>";
		};
		4C81B2CB25222AB800C20A7D /* Views */ = {
			isa = PBXGroup;
			children = (
				4C81B2CC25222AB800C20A7D /* Cells */,
				4C71441C252510BA009FE342 /* IntroHeaderView.swift */,
				4C714421252510E0009FE342 /* IntroHeaderView.xib */,
				4CA49099252B952300802410 /* MenuView.swift */,
				4CA4909E252B952F00802410 /* MenuView.xib */,
				4C659AA52535F0010072E89A /* SelfSizedTableView.swift */,
				4CDA0179252D05B600C28546 /* SelfSizedCollectionView.swift */,
			);
			path = Views;
			sourceTree = "<group>";
		};
		4C81B2CC25222AB800C20A7D /* Cells */ = {
			isa = PBXGroup;
			children = (
				4C71437D2522A022009FE342 /* VideoContentCell.xib */,
				4CA490A3252B9CB400802410 /* LineCell.xib */,
				4CD51CD1252CEB5D0067C0C5 /* LineCell.swift */,
				4CD51D1A252CF4750067C0C5 /* WordCell.xib */,
			);
			path = Cells;
			sourceTree = "<group>";
		};
		4C81B2CD25222AB800C20A7D /* Challenge */ = {
			isa = PBXGroup;
			children = (
				4CA0D9C1252E079400806C7E /* Views */,
				4C81B2CE25222AB800C20A7D /* Models */,
				4C81B2D125222AB800C20A7D /* Controllers */,
			);
			path = Challenge;
			sourceTree = "<group>";
		};
		4C81B2CE25222AB800C20A7D /* Models */ = {
			isa = PBXGroup;
			children = (
			);
			path = Models;
			sourceTree = "<group>";
		};
		4C81B2D125222AB800C20A7D /* Controllers */ = {
			isa = PBXGroup;
			children = (
				4C7143F12523914A009FE342 /* ChallengeViewController.swift */,
				4CA0DA0F252E682800806C7E /* ChallengeDetailViewController.swift */,
			);
			path = Controllers;
			sourceTree = "<group>";
		};
		4C81B2EA2522342300C20A7D /* MultipleUseViews */ = {
			isa = PBXGroup;
			children = (
				4C81B2EC2522344A00C20A7D /* NaviView.swift */,
				4C81B2EF2522344B00C20A7D /* NaviCell.xib */,
				4C81B2EE2522344B00C20A7D /* ContentView.swift */,
				4C7143D925238900009FE342 /* ContentCell.swift */,
				4C81B2EB2522344A00C20A7D /* ContentCell.xib */,
				4C81B2ED2522344A00C20A7D /* ImageBrowserCell.xib */,
				4C71444425264882009FE342 /* MenuButton.swift */,
				4C71444925264998009FE342 /* MenuButton.xib */,
			);
			path = MultipleUseViews;
			sourceTree = "<group>";
		};
		4CA0D9C1252E079400806C7E /* Views */ = {
			isa = PBXGroup;
			children = (
				4CA0D9C2252E079B00806C7E /* Cells */,
				4CA0DA1C252F428200806C7E /* ChallengeDetailHeader.swift */,
				4CA0DA21252F428F00806C7E /* ChallengeDetailHeader.xib */,
				4CA0DA6F252F7B8400806C7E /* RecordToolBar.swift */,
				4CA0DA74252F7B9500806C7E /* RecordToolBar.xib */,
				4CA0DA99252F9EF200806C7E /* RecordPanel.swift */,
				4CA0DA9E252F9EFB00806C7E /* RecordPanel.xib */,
			);
			path = Views;
			sourceTree = "<group>";
		};
		4CA0D9C2252E079B00806C7E /* Cells */ = {
			isa = PBXGroup;
			children = (
				4CA0D9C3252E07CA00806C7E /* ChallengeContentCell.swift */,
				4CA0D9C4252E07CA00806C7E /* ChallengeContentCell.xib */,
				4CA0D9D2252E083400806C7E /* ChallengeHeaderCell.swift */,
				4CA0D9D3252E083400806C7E /* ChallengeHeaderCell.xib */,
				4CA0D9D9252E10C600806C7E /* FirstSectionHeaderView.swift */,
				4CA0DA40252F5CEE00806C7E /* KeyVocabularyCell.swift */,
				4CA0DA41252F5CEE00806C7E /* KeyVocabularyCell.xib */,
				4CA0DA47252F630800806C7E /* CommentCell.swift */,
				4CA0DA48252F630800806C7E /* CommentCell.xib */,
				4CA0DA4E252F673900806C7E /* RecordCell.swift */,
				4CA0DA4F252F673900806C7E /* RecordCell.xib */,
			);
			path = Cells;
			sourceTree = "<group>";
		};
		5635C6D38431DEE7D319FC3B /* Frameworks */ = {
			isa = PBXGroup;
			children = (
				0A57560F340196AFB1321FAF /* Pods_Voice.framework */,
				589EB9DDCB8D120CF1661A64 /* Pods_Voice_VoiceUITests.framework */,
				5ECE1E384731CAA1CE719B6A /* Pods_VoiceTests.framework */,
			);
			name = Frameworks;
			sourceTree = "<group>";
		};
		EB56FE06076624436DA30102 /* Pods */ = {
			isa = PBXGroup;
			children = (
				B3762E313D04367B50E77BC1 /* Pods-Voice.debug.xcconfig */,
				8E53E7B651CFA5C1B9716201 /* Pods-Voice.release.xcconfig */,
				F2497567EDF6831FC6F53781 /* Pods-Voice-VoiceUITests.debug.xcconfig */,
				A1B8B1DC6347A108D6C20C07 /* Pods-Voice-VoiceUITests.release.xcconfig */,
				D33390FAFAA6E36297B59A74 /* Pods-VoiceTests.debug.xcconfig */,
				678BAE55547F49B38ED709A5 /* Pods-VoiceTests.release.xcconfig */,
			);
			path = Pods;
			sourceTree = "<group>";
		};
/* End PBXGroup section */

/* Begin PBXNativeTarget section */
		4C81B1AD2522276F00C20A7D /* Voice */ = {
			isa = PBXNativeTarget;
			buildConfigurationList = 4C81B1D82522277000C20A7D /* Build configuration list for PBXNativeTarget "Voice" */;
			buildPhases = (
				84EFC62E82C921DD5A857128 /* [CP] Check Pods Manifest.lock */,
				4C81B1AA2522276F00C20A7D /* Sources */,
				4C81B1AB2522276F00C20A7D /* Frameworks */,
				4C81B1AC2522276F00C20A7D /* Resources */,
				1C4E737F9199679B4AEBD9B5 /* [CP] Embed Pods Frameworks */,
			);
			buildRules = (
			);
			dependencies = (
			);
			name = Voice;
			productName = Voice;
			productReference = 4C81B1AE2522276F00C20A7D /* Voice.app */;
			productType = "com.apple.product-type.application";
		};
		4C81B1C32522277000C20A7D /* VoiceTests */ = {
			isa = PBXNativeTarget;
			buildConfigurationList = 4C81B1DB2522277000C20A7D /* Build configuration list for PBXNativeTarget "VoiceTests" */;
			buildPhases = (
				FC73C23BE163E69B9423AC6D /* [CP] Check Pods Manifest.lock */,
				4C81B1C02522277000C20A7D /* Sources */,
				4C81B1C12522277000C20A7D /* Frameworks */,
				4C81B1C22522277000C20A7D /* Resources */,
			);
			buildRules = (
			);
			dependencies = (
				4C81B1C62522277000C20A7D /* PBXTargetDependency */,
			);
			name = VoiceTests;
			productName = VoiceTests;
			productReference = 4C81B1C42522277000C20A7D /* VoiceTests.xctest */;
			productType = "com.apple.product-type.bundle.unit-test";
		};
		4C81B1CE2522277000C20A7D /* VoiceUITests */ = {
			isa = PBXNativeTarget;
			buildConfigurationList = 4C81B1DE2522277000C20A7D /* Build configuration list for PBXNativeTarget "VoiceUITests" */;
			buildPhases = (
				8B070A5B324183EFD1021318 /* [CP] Check Pods Manifest.lock */,
				4C81B1CB2522277000C20A7D /* Sources */,
				4C81B1CC2522277000C20A7D /* Frameworks */,
				4C81B1CD2522277000C20A7D /* Resources */,
				C0544737056FBF761B20275F /* [CP] Embed Pods Frameworks */,
			);
			buildRules = (
			);
			dependencies = (
				4C81B1D12522277000C20A7D /* PBXTargetDependency */,
			);
			name = VoiceUITests;
			productName = VoiceUITests;
			productReference = 4C81B1CF2522277000C20A7D /* VoiceUITests.xctest */;
			productType = "com.apple.product-type.bundle.ui-testing";
		};
/* End PBXNativeTarget section */

/* Begin PBXProject section */
		4C81B1A62522276F00C20A7D /* Project object */ = {
			isa = PBXProject;
			attributes = {
				LastSwiftUpdateCheck = 1220;
				LastUpgradeCheck = 1220;
				TargetAttributes = {
					4C81B1AD2522276F00C20A7D = {
						CreatedOnToolsVersion = 12.2;
					};
					4C81B1C32522277000C20A7D = {
						CreatedOnToolsVersion = 12.2;
						TestTargetID = 4C81B1AD2522276F00C20A7D;
					};
					4C81B1CE2522277000C20A7D = {
						CreatedOnToolsVersion = 12.2;
						TestTargetID = 4C81B1AD2522276F00C20A7D;
					};
				};
			};
			buildConfigurationList = 4C81B1A92522276F00C20A7D /* Build configuration list for PBXProject "Voice" */;
			compatibilityVersion = "Xcode 9.3";
			developmentRegion = en;
			hasScannedForEncodings = 0;
			knownRegions = (
				en,
				Base,
			);
			mainGroup = 4C81B1A52522276F00C20A7D;
			productRefGroup = 4C81B1AF2522276F00C20A7D /* Products */;
			projectDirPath = "";
			projectRoot = "";
			targets = (
				4C81B1AD2522276F00C20A7D /* Voice */,
				4C81B1C32522277000C20A7D /* VoiceTests */,
				4C81B1CE2522277000C20A7D /* VoiceUITests */,
			);
		};
/* End PBXProject section */

/* Begin PBXResourcesBuildPhase section */
		4C81B1AC2522276F00C20A7D /* Resources */ = {
			isa = PBXResourcesBuildPhase;
			buildActionMask = 2147483647;
			files = (
				4C81B31625223CCD00C20A7D /* ImageBrowserCell.xib in Resources */,
				4C659A112534CBD60072E89A /* CaptionLineCell.xib in Resources */,
				4CA4909F252B952F00802410 /* MenuView.xib in Resources */,
				4CD51D1B252CF4750067C0C5 /* WordCell.xib in Resources */,
				4C659AB02535F5DA0072E89A /* DefinitionHeader.xib in Resources */,
				4C71437E2522A022009FE342 /* VideoContentCell.xib in Resources */,
				4C81B2322522280500C20A7D /* LaunchScreen.storyboard in Resources */,
				4C81B30E25223CC700C20A7D /* ContentCell.xib in Resources */,
				4C71442C25262472009FE342 /* KeyTakeAwayCell.xib in Resources */,
				4CA0D9C6252E07CA00806C7E /* ChallengeContentCell.xib in Resources */,
				4CA0DA75252F7B9500806C7E /* RecordToolBar.xib in Resources */,
				4C659A0A2534C7610072E89A /* DictionaryWordCell.xib in Resources */,
				4C659AD1253641D20072E89A /* RankingFooter.xib in Resources */,
				4CFFCEFD254337BB00CCDF02 /* GoogleService-Info.plist in Resources */,
				4C714422252510E0009FE342 /* IntroHeaderView.xib in Resources */,
				4CA0DA22252F428F00806C7E /* ChallengeDetailHeader.xib in Resources */,
				4C71444A25264998009FE342 /* MenuButton.xib in Resources */,
				4C81B2332522280500C20A7D /* Main.storyboard in Resources */,
				4C659AC7253633090072E89A /* RankDetailCell.xib in Resources */,
				4CA0DA43252F5CEE00806C7E /* KeyVocabularyCell.xib in Resources */,
				4CA490A4252B9CB400802410 /* LineCell.xib in Resources */,
				4C81B2372522280500C20A7D /* Assets.xcassets in Resources */,
				4CA0DA9F252F9EFB00806C7E /* RecordPanel.xib in Resources */,
				4CA0DA4A252F630800806C7E /* CommentCell.xib in Resources */,
				4CA0DA51252F673900806C7E /* RecordCell.xib in Resources */,
				4C659AC0253630310072E89A /* RankingHeader.xib in Resources */,
				4CA0D9D5252E083400806C7E /* ChallengeHeaderCell.xib in Resources */,
				4C81B30A25223CC300C20A7D /* NaviCell.xib in Resources */,
			);
			runOnlyForDeploymentPostprocessing = 0;
		};
		4C81B1C22522277000C20A7D /* Resources */ = {
			isa = PBXResourcesBuildPhase;
			buildActionMask = 2147483647;
			files = (
			);
			runOnlyForDeploymentPostprocessing = 0;
		};
		4C81B1CD2522277000C20A7D /* Resources */ = {
			isa = PBXResourcesBuildPhase;
			buildActionMask = 2147483647;
			files = (
			);
			runOnlyForDeploymentPostprocessing = 0;
		};
/* End PBXResourcesBuildPhase section */

/* Begin PBXShellScriptBuildPhase section */
		1C4E737F9199679B4AEBD9B5 /* [CP] Embed Pods Frameworks */ = {
			isa = PBXShellScriptBuildPhase;
			buildActionMask = 2147483647;
			files = (
			);
			inputFileListPaths = (
				"${PODS_ROOT}/Target Support Files/Pods-Voice/Pods-Voice-frameworks-${CONFIGURATION}-input-files.xcfilelist",
			);
			name = "[CP] Embed Pods Frameworks";
			outputFileListPaths = (
				"${PODS_ROOT}/Target Support Files/Pods-Voice/Pods-Voice-frameworks-${CONFIGURATION}-output-files.xcfilelist",
			);
			runOnlyForDeploymentPostprocessing = 0;
			shellPath = /bin/sh;
			shellScript = "\"${PODS_ROOT}/Target Support Files/Pods-Voice/Pods-Voice-frameworks.sh\"\n";
			showEnvVarsInLog = 0;
		};
		84EFC62E82C921DD5A857128 /* [CP] Check Pods Manifest.lock */ = {
			isa = PBXShellScriptBuildPhase;
			buildActionMask = 2147483647;
			files = (
			);
			inputFileListPaths = (
			);
			inputPaths = (
				"${PODS_PODFILE_DIR_PATH}/Podfile.lock",
				"${PODS_ROOT}/Manifest.lock",
			);
			name = "[CP] Check Pods Manifest.lock";
			outputFileListPaths = (
			);
			outputPaths = (
				"$(DERIVED_FILE_DIR)/Pods-Voice-checkManifestLockResult.txt",
			);
			runOnlyForDeploymentPostprocessing = 0;
			shellPath = /bin/sh;
			shellScript = "diff \"${PODS_PODFILE_DIR_PATH}/Podfile.lock\" \"${PODS_ROOT}/Manifest.lock\" > /dev/null\nif [ $? != 0 ] ; then\n    # print error to STDERR\n    echo \"error: The sandbox is not in sync with the Podfile.lock. Run 'pod install' or update your CocoaPods installation.\" >&2\n    exit 1\nfi\n# This output is used by Xcode 'outputs' to avoid re-running this script phase.\necho \"SUCCESS\" > \"${SCRIPT_OUTPUT_FILE_0}\"\n";
			showEnvVarsInLog = 0;
		};
		8B070A5B324183EFD1021318 /* [CP] Check Pods Manifest.lock */ = {
			isa = PBXShellScriptBuildPhase;
			buildActionMask = 2147483647;
			files = (
			);
			inputFileListPaths = (
			);
			inputPaths = (
				"${PODS_PODFILE_DIR_PATH}/Podfile.lock",
				"${PODS_ROOT}/Manifest.lock",
			);
			name = "[CP] Check Pods Manifest.lock";
			outputFileListPaths = (
			);
			outputPaths = (
				"$(DERIVED_FILE_DIR)/Pods-Voice-VoiceUITests-checkManifestLockResult.txt",
			);
			runOnlyForDeploymentPostprocessing = 0;
			shellPath = /bin/sh;
			shellScript = "diff \"${PODS_PODFILE_DIR_PATH}/Podfile.lock\" \"${PODS_ROOT}/Manifest.lock\" > /dev/null\nif [ $? != 0 ] ; then\n    # print error to STDERR\n    echo \"error: The sandbox is not in sync with the Podfile.lock. Run 'pod install' or update your CocoaPods installation.\" >&2\n    exit 1\nfi\n# This output is used by Xcode 'outputs' to avoid re-running this script phase.\necho \"SUCCESS\" > \"${SCRIPT_OUTPUT_FILE_0}\"\n";
			showEnvVarsInLog = 0;
		};
		C0544737056FBF761B20275F /* [CP] Embed Pods Frameworks */ = {
			isa = PBXShellScriptBuildPhase;
			buildActionMask = 2147483647;
			files = (
			);
			inputFileListPaths = (
				"${PODS_ROOT}/Target Support Files/Pods-Voice-VoiceUITests/Pods-Voice-VoiceUITests-frameworks-${CONFIGURATION}-input-files.xcfilelist",
			);
			name = "[CP] Embed Pods Frameworks";
			outputFileListPaths = (
				"${PODS_ROOT}/Target Support Files/Pods-Voice-VoiceUITests/Pods-Voice-VoiceUITests-frameworks-${CONFIGURATION}-output-files.xcfilelist",
			);
			runOnlyForDeploymentPostprocessing = 0;
			shellPath = /bin/sh;
			shellScript = "\"${PODS_ROOT}/Target Support Files/Pods-Voice-VoiceUITests/Pods-Voice-VoiceUITests-frameworks.sh\"\n";
			showEnvVarsInLog = 0;
		};
		FC73C23BE163E69B9423AC6D /* [CP] Check Pods Manifest.lock */ = {
			isa = PBXShellScriptBuildPhase;
			buildActionMask = 2147483647;
			files = (
			);
			inputFileListPaths = (
			);
			inputPaths = (
				"${PODS_PODFILE_DIR_PATH}/Podfile.lock",
				"${PODS_ROOT}/Manifest.lock",
			);
			name = "[CP] Check Pods Manifest.lock";
			outputFileListPaths = (
			);
			outputPaths = (
				"$(DERIVED_FILE_DIR)/Pods-VoiceTests-checkManifestLockResult.txt",
			);
			runOnlyForDeploymentPostprocessing = 0;
			shellPath = /bin/sh;
			shellScript = "diff \"${PODS_PODFILE_DIR_PATH}/Podfile.lock\" \"${PODS_ROOT}/Manifest.lock\" > /dev/null\nif [ $? != 0 ] ; then\n    # print error to STDERR\n    echo \"error: The sandbox is not in sync with the Podfile.lock. Run 'pod install' or update your CocoaPods installation.\" >&2\n    exit 1\nfi\n# This output is used by Xcode 'outputs' to avoid re-running this script phase.\necho \"SUCCESS\" > \"${SCRIPT_OUTPUT_FILE_0}\"\n";
			showEnvVarsInLog = 0;
		};
/* End PBXShellScriptBuildPhase section */

/* Begin PBXSourcesBuildPhase section */
		4C81B1AA2522276F00C20A7D /* Sources */ = {
			isa = PBXSourcesBuildPhase;
			buildActionMask = 2147483647;
			files = (
				4C659AA62535F0010072E89A /* SelfSizedTableView.swift in Sources */,
				4C81B2E32522335700C20A7D /* WatchViewController.swift in Sources */,
				4CDA017A252D05B600C28546 /* SelfSizedCollectionView.swift in Sources */,
				4C659AAB2535F5D10072E89A /* DefinitionHeader.swift in Sources */,
				4CA0DA42252F5CEE00806C7E /* KeyVocabularyCell.swift in Sources */,
				4C659AB8253630260072E89A /* RankingHeader.swift in Sources */,
				4CE06AD325227CDF00B5D97B /* DailyPickModel.swift in Sources */,
				4C71444525264882009FE342 /* MenuButton.swift in Sources */,
				4C71443B252634BE009FE342 /* CaptionLine.swift in Sources */,
				4C81B23B2522280500C20A7D /* JSONParameterEncoder.swift in Sources */,
				4C71437925229748009FE342 /* VideoModel.swift in Sources */,
				4C81B31B2522421D00C20A7D /* PDCategory.swift in Sources */,
				4CD51CD2252CEB5D0067C0C5 /* LineCell.swift in Sources */,
				4CA0D9D4252E083400806C7E /* ChallengeHeaderCell.swift in Sources */,
				4CA0DA50252F673900806C7E /* RecordCell.swift in Sources */,
				4CA0DA70252F7B8400806C7E /* RecordToolBar.swift in Sources */,
				4CA0DA0B252E624100806C7E /* UserConfig.swift in Sources */,
				4CA0D9DA252E10C600806C7E /* FirstSectionHeaderView.swift in Sources */,
				4C37D93E25374C6800B8113A /* ProBannerInfo.swift in Sources */,
				4C37DA40253E2F4D00B8113A /* UserDefaultConfig.swift in Sources */,
				4C81B23A2522280500C20A7D /* URLParameterEncoder.swift in Sources */,
				4C659B0525364BB30072E89A /* Int_Extension.swift in Sources */,
				4C81B2412522280500C20A7D /* EndPointType.swift in Sources */,
				4C81B2392522280500C20A7D /* ParameterEncoding.swift in Sources */,
				4C81B23E2522280500C20A7D /* NetworkRouter.swift in Sources */,
				4C659A162534D7470072E89A /* Array_Extension.swift in Sources */,
				4C81B23C2522280500C20A7D /* Webservice.swift in Sources */,
				4C71449B2527C64F009FE342 /* UIView_Extension.swift in Sources */,
				4C81B2262522280500C20A7D /* Date_Extension.swift in Sources */,
				4C7143FD2523923B009FE342 /* ChallengeViewController.swift in Sources */,
				4C81B2272522280500C20A7D /* UIDevice_Extension.swift in Sources */,
				4CA0DA1D252F428200806C7E /* ChallengeDetailHeader.swift in Sources */,
				4CA0DA49252F630800806C7E /* CommentCell.swift in Sources */,
				4C81B2302522280500C20A7D /* BaseTableViewController.swift in Sources */,
				4CA0D9C5252E07CA00806C7E /* ChallengeContentCell.swift in Sources */,
				4C6599E9253498960072E89A /* ReviewAPI.swift in Sources */,
				4C81B2342522280500C20A7D /* AppDelegate.swift in Sources */,
				4C7143F925239237009FE342 /* ReviewViewController.swift in Sources */,
				4C714440252636A4009FE342 /* Dictation.swift in Sources */,
				4C659A102534CBD60072E89A /* CaptionLineCell.swift in Sources */,
				4C71441D252510BB009FE342 /* IntroHeaderView.swift in Sources */,
				4C71442725261AF6009FE342 /* VideoIntroViewController.swift in Sources */,
				4C659ADE253647E20072E89A /* RankingAPI.swift in Sources */,
				4CA0DA9A252F9EF200806C7E /* RecordPanel.swift in Sources */,
				4C81B2FE25223CC000C20A7D /* NaviView.swift in Sources */,
				4C7143DA25238900009FE342 /* ContentCell.swift in Sources */,
				4C659AD9253646BE0072E89A /* RankList.swift in Sources */,
				4C659A092534C7610072E89A /* DictionaryWordCell.swift in Sources */,
				4C7143C925237C35009FE342 /* Dictionary_Extension.swift in Sources */,
				4C659AC6253633090072E89A /* RankDetailCell.swift in Sources */,
				4C7143F525239234009FE342 /* ProViewController.swift in Sources */,
				4C81B2242522280500C20A7D /* String_Extension.swift in Sources */,
				4C81B2382522280500C20A7D /* configs.swift in Sources */,
				4C81B23F2522280500C20A7D /* HTTPTask.swift in Sources */,
				4CA4907B252B90FE00802410 /* VideoPlayerViewController.swift in Sources */,
				4C81B2252522280500C20A7D /* UISearchBar_Extension.swift in Sources */,
				4CA0DA10252E682800806C7E /* ChallengeDetailViewController.swift in Sources */,
				4C71443625263441009FE342 /* User.swift in Sources */,
				4CA0DA05252E53E800806C7E /* ChallengeDetailModel.swift in Sources */,
				4C71443125263245009FE342 /* VideoDetailModel.swift in Sources */,
				4C81B2362522280500C20A7D /* SceneDelegate.swift in Sources */,
				4C37D9CA2539DD1200B8113A /* UIFont_Extension.swift in Sources */,
				4C659ACC253641C70072E89A /* RankingFooter.swift in Sources */,
				4C81B22F2522280500C20A7D /* BaseViewController.swift in Sources */,
				4C81B3202522467100C20A7D /* VideoAPI.swift in Sources */,
				4C81B22A2522280500C20A7D /* UIImage_Extension.swift in Sources */,
				4CA0D9F3252E318100806C7E /* ChallengeAPI.swift in Sources */,
				4C81B2312522280500C20A7D /* BaseNavigationController.swift in Sources */,
				4CA0DAEF2530988D00806C7E /* AudioPlayer.swift in Sources */,
				4C81B22E2522280500C20A7D /* BaseTabBarController.swift in Sources */,
				4C81B31225223CCA00C20A7D /* ContentView.swift in Sources */,
				4C659B25253734BE0072E89A /* Plan.swift in Sources */,
				4CA0D9EE252E28D000806C7E /* ChallengeModel.swift in Sources */,
				4CA4909A252B952300802410 /* MenuView.swift in Sources */,
				4C81B2282522280500C20A7D /* UIColor_Extension.swift in Sources */,
				4C659AE625364AA70072E89A /* RemainTime.swift in Sources */,
				4C71438625235DAA009FE342 /* UIViewController_Extension.swift in Sources */,
				4C81B2292522280500C20A7D /* FileManager_Extension.swift in Sources */,
				4C7143EB25239128009FE342 /* RankingViewController.swift in Sources */,
				4C37DA79253E48B500B8113A /* NetworkReachability.swift in Sources */,
			);
			runOnlyForDeploymentPostprocessing = 0;
		};
		4C81B1C02522277000C20A7D /* Sources */ = {
			isa = PBXSourcesBuildPhase;
			buildActionMask = 2147483647;
			files = (
				4C81B1C92522277000C20A7D /* VoiceTests.swift in Sources */,
			);
			runOnlyForDeploymentPostprocessing = 0;
		};
		4C81B1CB2522277000C20A7D /* Sources */ = {
			isa = PBXSourcesBuildPhase;
			buildActionMask = 2147483647;
			files = (
				4C81B1D42522277000C20A7D /* VoiceUITests.swift in Sources */,
			);
			runOnlyForDeploymentPostprocessing = 0;
		};
/* End PBXSourcesBuildPhase section */

/* Begin PBXTargetDependency section */
		4C81B1C62522277000C20A7D /* PBXTargetDependency */ = {
			isa = PBXTargetDependency;
			target = 4C81B1AD2522276F00C20A7D /* Voice */;
			targetProxy = 4C81B1C52522277000C20A7D /* PBXContainerItemProxy */;
		};
		4C81B1D12522277000C20A7D /* PBXTargetDependency */ = {
			isa = PBXTargetDependency;
			target = 4C81B1AD2522276F00C20A7D /* Voice */;
			targetProxy = 4C81B1D02522277000C20A7D /* PBXContainerItemProxy */;
		};
/* End PBXTargetDependency section */

/* Begin PBXVariantGroup section */
		4C81B20B2522280500C20A7D /* LaunchScreen.storyboard */ = {
			isa = PBXVariantGroup;
			children = (
				4C81B20C2522280500C20A7D /* Base */,
			);
			name = LaunchScreen.storyboard;
			sourceTree = "<group>";
		};
		4C81B20D2522280500C20A7D /* Main.storyboard */ = {
			isa = PBXVariantGroup;
			children = (
				4C81B20E2522280500C20A7D /* Base */,
			);
			name = Main.storyboard;
			sourceTree = "<group>";
		};
/* End PBXVariantGroup section */

/* Begin XCBuildConfiguration section */
		4C81B1D62522277000C20A7D /* Debug */ = {
			isa = XCBuildConfiguration;
			buildSettings = {
				ALWAYS_SEARCH_USER_PATHS = NO;
				CLANG_ANALYZER_NONNULL = YES;
				CLANG_ANALYZER_NUMBER_OBJECT_CONVERSION = YES_AGGRESSIVE;
				CLANG_CXX_LANGUAGE_STANDARD = "gnu++14";
				CLANG_CXX_LIBRARY = "libc++";
				CLANG_ENABLE_MODULES = YES;
				CLANG_ENABLE_OBJC_ARC = YES;
				CLANG_ENABLE_OBJC_WEAK = YES;
				CLANG_WARN_BLOCK_CAPTURE_AUTORELEASING = YES;
				CLANG_WARN_BOOL_CONVERSION = YES;
				CLANG_WARN_COMMA = YES;
				CLANG_WARN_CONSTANT_CONVERSION = YES;
				CLANG_WARN_DEPRECATED_OBJC_IMPLEMENTATIONS = YES;
				CLANG_WARN_DIRECT_OBJC_ISA_USAGE = YES_ERROR;
				CLANG_WARN_DOCUMENTATION_COMMENTS = YES;
				CLANG_WARN_EMPTY_BODY = YES;
				CLANG_WARN_ENUM_CONVERSION = YES;
				CLANG_WARN_INFINITE_RECURSION = YES;
				CLANG_WARN_INT_CONVERSION = YES;
				CLANG_WARN_NON_LITERAL_NULL_CONVERSION = YES;
				CLANG_WARN_OBJC_IMPLICIT_RETAIN_SELF = YES;
				CLANG_WARN_OBJC_LITERAL_CONVERSION = YES;
				CLANG_WARN_OBJC_ROOT_CLASS = YES_ERROR;
				CLANG_WARN_QUOTED_INCLUDE_IN_FRAMEWORK_HEADER = YES;
				CLANG_WARN_RANGE_LOOP_ANALYSIS = YES;
				CLANG_WARN_STRICT_PROTOTYPES = YES;
				CLANG_WARN_SUSPICIOUS_MOVE = YES;
				CLANG_WARN_UNGUARDED_AVAILABILITY = YES_AGGRESSIVE;
				CLANG_WARN_UNREACHABLE_CODE = YES;
				CLANG_WARN__DUPLICATE_METHOD_MATCH = YES;
				COPY_PHASE_STRIP = NO;
				DEBUG_INFORMATION_FORMAT = dwarf;
				ENABLE_STRICT_OBJC_MSGSEND = YES;
				ENABLE_TESTABILITY = YES;
				GCC_C_LANGUAGE_STANDARD = gnu11;
				GCC_DYNAMIC_NO_PIC = NO;
				GCC_NO_COMMON_BLOCKS = YES;
				GCC_OPTIMIZATION_LEVEL = 0;
				GCC_PREPROCESSOR_DEFINITIONS = (
					"DEBUG=1",
					"$(inherited)",
				);
				GCC_WARN_64_TO_32_BIT_CONVERSION = YES;
				GCC_WARN_ABOUT_RETURN_TYPE = YES_ERROR;
				GCC_WARN_UNDECLARED_SELECTOR = YES;
				GCC_WARN_UNINITIALIZED_AUTOS = YES_AGGRESSIVE;
				GCC_WARN_UNUSED_FUNCTION = YES;
				GCC_WARN_UNUSED_VARIABLE = YES;
				INFOPLIST_FILE = "Voice/Supporting Files/Info.plist";
				IPHONEOS_DEPLOYMENT_TARGET = 13.6;
				MTL_ENABLE_DEBUG_INFO = INCLUDE_SOURCE;
				MTL_FAST_MATH = YES;
				ONLY_ACTIVE_ARCH = YES;
				SDKROOT = iphoneos;
				SWIFT_ACTIVE_COMPILATION_CONDITIONS = DEBUG;
				SWIFT_OPTIMIZATION_LEVEL = "-Onone";
			};
			name = Debug;
		};
		4C81B1D72522277000C20A7D /* Release */ = {
			isa = XCBuildConfiguration;
			buildSettings = {
				ALWAYS_SEARCH_USER_PATHS = NO;
				CLANG_ANALYZER_NONNULL = YES;
				CLANG_ANALYZER_NUMBER_OBJECT_CONVERSION = YES_AGGRESSIVE;
				CLANG_CXX_LANGUAGE_STANDARD = "gnu++14";
				CLANG_CXX_LIBRARY = "libc++";
				CLANG_ENABLE_MODULES = YES;
				CLANG_ENABLE_OBJC_ARC = YES;
				CLANG_ENABLE_OBJC_WEAK = YES;
				CLANG_WARN_BLOCK_CAPTURE_AUTORELEASING = YES;
				CLANG_WARN_BOOL_CONVERSION = YES;
				CLANG_WARN_COMMA = YES;
				CLANG_WARN_CONSTANT_CONVERSION = YES;
				CLANG_WARN_DEPRECATED_OBJC_IMPLEMENTATIONS = YES;
				CLANG_WARN_DIRECT_OBJC_ISA_USAGE = YES_ERROR;
				CLANG_WARN_DOCUMENTATION_COMMENTS = YES;
				CLANG_WARN_EMPTY_BODY = YES;
				CLANG_WARN_ENUM_CONVERSION = YES;
				CLANG_WARN_INFINITE_RECURSION = YES;
				CLANG_WARN_INT_CONVERSION = YES;
				CLANG_WARN_NON_LITERAL_NULL_CONVERSION = YES;
				CLANG_WARN_OBJC_IMPLICIT_RETAIN_SELF = YES;
				CLANG_WARN_OBJC_LITERAL_CONVERSION = YES;
				CLANG_WARN_OBJC_ROOT_CLASS = YES_ERROR;
				CLANG_WARN_QUOTED_INCLUDE_IN_FRAMEWORK_HEADER = YES;
				CLANG_WARN_RANGE_LOOP_ANALYSIS = YES;
				CLANG_WARN_STRICT_PROTOTYPES = YES;
				CLANG_WARN_SUSPICIOUS_MOVE = YES;
				CLANG_WARN_UNGUARDED_AVAILABILITY = YES_AGGRESSIVE;
				CLANG_WARN_UNREACHABLE_CODE = YES;
				CLANG_WARN__DUPLICATE_METHOD_MATCH = YES;
				COPY_PHASE_STRIP = NO;
				DEBUG_INFORMATION_FORMAT = "dwarf-with-dsym";
				ENABLE_NS_ASSERTIONS = NO;
				ENABLE_STRICT_OBJC_MSGSEND = YES;
				GCC_C_LANGUAGE_STANDARD = gnu11;
				GCC_NO_COMMON_BLOCKS = YES;
				GCC_WARN_64_TO_32_BIT_CONVERSION = YES;
				GCC_WARN_ABOUT_RETURN_TYPE = YES_ERROR;
				GCC_WARN_UNDECLARED_SELECTOR = YES;
				GCC_WARN_UNINITIALIZED_AUTOS = YES_AGGRESSIVE;
				GCC_WARN_UNUSED_FUNCTION = YES;
				GCC_WARN_UNUSED_VARIABLE = YES;
				INFOPLIST_FILE = "Voice/Supporting Files/Info.plist";
				IPHONEOS_DEPLOYMENT_TARGET = 13.6;
				MTL_ENABLE_DEBUG_INFO = NO;
				MTL_FAST_MATH = YES;
				SDKROOT = iphoneos;
				SWIFT_COMPILATION_MODE = wholemodule;
				SWIFT_OPTIMIZATION_LEVEL = "-O";
				VALIDATE_PRODUCT = YES;
			};
			name = Release;
		};
		4C81B1D92522277000C20A7D /* Debug */ = {
			isa = XCBuildConfiguration;
			baseConfigurationReference = B3762E313D04367B50E77BC1 /* Pods-Voice.debug.xcconfig */;
			buildSettings = {
				ASSETCATALOG_COMPILER_APPICON_NAME = AppIcon;
				ASSETCATALOG_COMPILER_GLOBAL_ACCENT_COLOR_NAME = AccentColor;
				CODE_SIGN_STYLE = Automatic;
				DEVELOPMENT_TEAM = KP5C2HFX82;
				INFOPLIST_FILE = "Voice/Supporting Files/Info.plist";
				LD_RUNPATH_SEARCH_PATHS = (
					"$(inherited)",
					"@executable_path/Frameworks",
				);
				PRODUCT_BUNDLE_IDENTIFIER = JM.Voice;
				PRODUCT_NAME = "$(TARGET_NAME)";
				SWIFT_VERSION = 5.0;
				TARGETED_DEVICE_FAMILY = "1,2";
			};
			name = Debug;
		};
		4C81B1DA2522277000C20A7D /* Release */ = {
			isa = XCBuildConfiguration;
			baseConfigurationReference = 8E53E7B651CFA5C1B9716201 /* Pods-Voice.release.xcconfig */;
			buildSettings = {
				ASSETCATALOG_COMPILER_APPICON_NAME = AppIcon;
				ASSETCATALOG_COMPILER_GLOBAL_ACCENT_COLOR_NAME = AccentColor;
				CODE_SIGN_STYLE = Automatic;
				DEVELOPMENT_TEAM = KP5C2HFX82;
				INFOPLIST_FILE = "Voice/Supporting Files/Info.plist";
				LD_RUNPATH_SEARCH_PATHS = (
					"$(inherited)",
					"@executable_path/Frameworks",
				);
				PRODUCT_BUNDLE_IDENTIFIER = JM.Voice;
				PRODUCT_NAME = "$(TARGET_NAME)";
				SWIFT_VERSION = 5.0;
				TARGETED_DEVICE_FAMILY = "1,2";
			};
			name = Release;
		};
		4C81B1DC2522277000C20A7D /* Debug */ = {
			isa = XCBuildConfiguration;
			baseConfigurationReference = D33390FAFAA6E36297B59A74 /* Pods-VoiceTests.debug.xcconfig */;
			buildSettings = {
				ALWAYS_EMBED_SWIFT_STANDARD_LIBRARIES = YES;
				BUNDLE_LOADER = "$(TEST_HOST)";
				CODE_SIGN_STYLE = Automatic;
				INFOPLIST_FILE = VoiceTests/Info.plist;
				IPHONEOS_DEPLOYMENT_TARGET = 14.2;
				LD_RUNPATH_SEARCH_PATHS = (
					"$(inherited)",
					"@executable_path/Frameworks",
					"@loader_path/Frameworks",
				);
				PRODUCT_BUNDLE_IDENTIFIER = JM.VoiceTests;
				PRODUCT_NAME = "$(TARGET_NAME)";
				SWIFT_VERSION = 5.0;
				TARGETED_DEVICE_FAMILY = "1,2";
				TEST_HOST = "$(BUILT_PRODUCTS_DIR)/Voice.app/Voice";
			};
			name = Debug;
		};
		4C81B1DD2522277000C20A7D /* Release */ = {
			isa = XCBuildConfiguration;
			baseConfigurationReference = 678BAE55547F49B38ED709A5 /* Pods-VoiceTests.release.xcconfig */;
			buildSettings = {
				ALWAYS_EMBED_SWIFT_STANDARD_LIBRARIES = YES;
				BUNDLE_LOADER = "$(TEST_HOST)";
				CODE_SIGN_STYLE = Automatic;
				INFOPLIST_FILE = VoiceTests/Info.plist;
				IPHONEOS_DEPLOYMENT_TARGET = 14.2;
				LD_RUNPATH_SEARCH_PATHS = (
					"$(inherited)",
					"@executable_path/Frameworks",
					"@loader_path/Frameworks",
				);
				PRODUCT_BUNDLE_IDENTIFIER = JM.VoiceTests;
				PRODUCT_NAME = "$(TARGET_NAME)";
				SWIFT_VERSION = 5.0;
				TARGETED_DEVICE_FAMILY = "1,2";
				TEST_HOST = "$(BUILT_PRODUCTS_DIR)/Voice.app/Voice";
			};
			name = Release;
		};
		4C81B1DF2522277000C20A7D /* Debug */ = {
			isa = XCBuildConfiguration;
			baseConfigurationReference = F2497567EDF6831FC6F53781 /* Pods-Voice-VoiceUITests.debug.xcconfig */;
			buildSettings = {
				ALWAYS_EMBED_SWIFT_STANDARD_LIBRARIES = YES;
				CODE_SIGN_STYLE = Automatic;
				INFOPLIST_FILE = VoiceUITests/Info.plist;
				LD_RUNPATH_SEARCH_PATHS = (
					"$(inherited)",
					"@executable_path/Frameworks",
					"@loader_path/Frameworks",
				);
				PRODUCT_BUNDLE_IDENTIFIER = JM.VoiceUITests;
				PRODUCT_NAME = "$(TARGET_NAME)";
				SWIFT_VERSION = 5.0;
				TARGETED_DEVICE_FAMILY = "1,2";
				TEST_TARGET_NAME = Voice;
			};
			name = Debug;
		};
		4C81B1E02522277000C20A7D /* Release */ = {
			isa = XCBuildConfiguration;
			baseConfigurationReference = A1B8B1DC6347A108D6C20C07 /* Pods-Voice-VoiceUITests.release.xcconfig */;
			buildSettings = {
				ALWAYS_EMBED_SWIFT_STANDARD_LIBRARIES = YES;
				CODE_SIGN_STYLE = Automatic;
				INFOPLIST_FILE = VoiceUITests/Info.plist;
				LD_RUNPATH_SEARCH_PATHS = (
					"$(inherited)",
					"@executable_path/Frameworks",
					"@loader_path/Frameworks",
				);
				PRODUCT_BUNDLE_IDENTIFIER = JM.VoiceUITests;
				PRODUCT_NAME = "$(TARGET_NAME)";
				SWIFT_VERSION = 5.0;
				TARGETED_DEVICE_FAMILY = "1,2";
				TEST_TARGET_NAME = Voice;
			};
			name = Release;
		};
/* End XCBuildConfiguration section */

/* Begin XCConfigurationList section */
		4C81B1A92522276F00C20A7D /* Build configuration list for PBXProject "Voice" */ = {
			isa = XCConfigurationList;
			buildConfigurations = (
				4C81B1D62522277000C20A7D /* Debug */,
				4C81B1D72522277000C20A7D /* Release */,
			);
			defaultConfigurationIsVisible = 0;
			defaultConfigurationName = Release;
		};
		4C81B1D82522277000C20A7D /* Build configuration list for PBXNativeTarget "Voice" */ = {
			isa = XCConfigurationList;
			buildConfigurations = (
				4C81B1D92522277000C20A7D /* Debug */,
				4C81B1DA2522277000C20A7D /* Release */,
			);
			defaultConfigurationIsVisible = 0;
			defaultConfigurationName = Release;
		};
		4C81B1DB2522277000C20A7D /* Build configuration list for PBXNativeTarget "VoiceTests" */ = {
			isa = XCConfigurationList;
			buildConfigurations = (
				4C81B1DC2522277000C20A7D /* Debug */,
				4C81B1DD2522277000C20A7D /* Release */,
			);
			defaultConfigurationIsVisible = 0;
			defaultConfigurationName = Release;
		};
		4C81B1DE2522277000C20A7D /* Build configuration list for PBXNativeTarget "VoiceUITests" */ = {
			isa = XCConfigurationList;
			buildConfigurations = (
				4C81B1DF2522277000C20A7D /* Debug */,
				4C81B1E02522277000C20A7D /* Release */,
			);
			defaultConfigurationIsVisible = 0;
			defaultConfigurationName = Release;
		};
/* End XCConfigurationList section */
	};
	rootObject = 4C81B1A62522276F00C20A7D /* Project object */;
}
